// !$*UTF8*$!
{
	archiveVersion = 1;
	classes = {
	};
	objectVersion = 53;
	objects = {

/* Begin PBXBuildFile section */
		C613108927CF9EB100245A04 /* HomeViewController.swift in Sources */ = {isa = PBXBuildFile; fileRef = C613108827CF9EB100245A04 /* HomeViewController.swift */; };
		C6150E3227CF8FB0002DCCC7 /* AppDelegate.swift in Sources */ = {isa = PBXBuildFile; fileRef = C6150E3127CF8FB0002DCCC7 /* AppDelegate.swift */; };
		C6150E3427CF8FB0002DCCC7 /* SceneDelegate.swift in Sources */ = {isa = PBXBuildFile; fileRef = C6150E3327CF8FB0002DCCC7 /* SceneDelegate.swift */; };
		C6150E3927CF8FB0002DCCC7 /* Main.storyboard in Resources */ = {isa = PBXBuildFile; fileRef = C6150E3727CF8FB0002DCCC7 /* Main.storyboard */; };
		C6150E3B27CF8FB2002DCCC7 /* Assets.xcassets in Resources */ = {isa = PBXBuildFile; fileRef = C6150E3A27CF8FB2002DCCC7 /* Assets.xcassets */; };
		C6150E3E27CF8FB2002DCCC7 /* LaunchScreen.storyboard in Resources */ = {isa = PBXBuildFile; fileRef = C6150E3C27CF8FB2002DCCC7 /* LaunchScreen.storyboard */; };
		C6D87B8227CFDEF00027880C /* LocationManager.swift in Sources */ = {isa = PBXBuildFile; fileRef = C6D87B8127CFDEF00027880C /* LocationManager.swift */; };
		C6D87B8527D008020027880C /* NotificationManager.swift in Sources */ = {isa = PBXBuildFile; fileRef = C6D87B8427D008020027880C /* NotificationManager.swift */; };
		C6D898DC27D0A6990005353D /* HomeLogicController.swift in Sources */ = {isa = PBXBuildFile; fileRef = C6D898DB27D0A6990005353D /* HomeLogicController.swift */; };
		C6D898DE27D0A8120005353D /* HomeViewModel.swift in Sources */ = {isa = PBXBuildFile; fileRef = C6D898DD27D0A8120005353D /* HomeViewModel.swift */; };
		C6D898E127D0E0ED0005353D /* SplashViewController.swift in Sources */ = {isa = PBXBuildFile; fileRef = C6D898E027D0E0ED0005353D /* SplashViewController.swift */; };
		C6DCBCD927CF954100AE991B /* DataPersistenceCollectionViewModel.swift in Sources */ = {isa = PBXBuildFile; fileRef = C6DCBC4D27CF954000AE991B /* DataPersistenceCollectionViewModel.swift */; };
		C6DCBCDA27CF954100AE991B /* DataPersistenceViewModel.swift in Sources */ = {isa = PBXBuildFile; fileRef = C6DCBC4F27CF954000AE991B /* DataPersistenceViewModel.swift */; };
		C6DCBCDC27CF954100AE991B /* CellViewModel.swift in Sources */ = {isa = PBXBuildFile; fileRef = C6DCBC5127CF954000AE991B /* CellViewModel.swift */; };
		C6DCBCDF27CF954100AE991B /* ModelProtocols.swift in Sources */ = {isa = PBXBuildFile; fileRef = C6DCBC5827CF954100AE991B /* ModelProtocols.swift */; };
		C6DCBCE027CF954100AE991B /* Constants.swift in Sources */ = {isa = PBXBuildFile; fileRef = C6DCBC5A27CF954100AE991B /* Constants.swift */; };
		C6DCBCE227CF954100AE991B /* FoundationExtensions.swift in Sources */ = {isa = PBXBuildFile; fileRef = C6DCBC5F27CF954100AE991B /* FoundationExtensions.swift */; };
		C6DCBCE327CF954100AE991B /* DataPersistenceLogicController.swift in Sources */ = {isa = PBXBuildFile; fileRef = C6DCBC6127CF954100AE991B /* DataPersistenceLogicController.swift */; };
		C6DCBCE527CF954100AE991B /* FoundationTypes.swift in Sources */ = {isa = PBXBuildFile; fileRef = C6DCBC6327CF954100AE991B /* FoundationTypes.swift */; };
		C6DCBCE627CF954100AE991B /* DataManager.swift in Sources */ = {isa = PBXBuildFile; fileRef = C6DCBC6527CF954100AE991B /* DataManager.swift */; };
		C6DCBCE727CF954100AE991B /* FileManagerPersistenceProvider.swift in Sources */ = {isa = PBXBuildFile; fileRef = C6DCBC6727CF954100AE991B /* FileManagerPersistenceProvider.swift */; };
		C6DCBCE827CF954100AE991B /* BundlePersistenceProvider.swift in Sources */ = {isa = PBXBuildFile; fileRef = C6DCBC6827CF954100AE991B /* BundlePersistenceProvider.swift */; };
		C6DCBCE927CF954100AE991B /* UserDefaultsPersistenceProvider.swift in Sources */ = {isa = PBXBuildFile; fileRef = C6DCBC6927CF954100AE991B /* UserDefaultsPersistenceProvider.swift */; };
		C6DCBCEA27CF954100AE991B /* RealmPersistenceProvider.swift in Sources */ = {isa = PBXBuildFile; fileRef = C6DCBC6A27CF954100AE991B /* RealmPersistenceProvider.swift */; };
		C6DCBCEB27CF954100AE991B /* DataProtocols.swift in Sources */ = {isa = PBXBuildFile; fileRef = C6DCBC6B27CF954100AE991B /* DataProtocols.swift */; };
		C6DCBCEC27CF954100AE991B /* DataTypes.swift in Sources */ = {isa = PBXBuildFile; fileRef = C6DCBC6C27CF954100AE991B /* DataTypes.swift */; };
		C6DCBCED27CF954100AE991B /* StoryboardableViewController.swift in Sources */ = {isa = PBXBuildFile; fileRef = C6DCBC6F27CF954100AE991B /* StoryboardableViewController.swift */; };
		C6DCBCEE27CF954100AE991B /* AdaptableSizeButton.swift in Sources */ = {isa = PBXBuildFile; fileRef = C6DCBC7327CF954100AE991B /* AdaptableSizeButton.swift */; };
		C6DCBCEF27CF954100AE991B /* BasicCollectionViewCell.swift in Sources */ = {isa = PBXBuildFile; fileRef = C6DCBC7827CF954100AE991B /* BasicCollectionViewCell.swift */; };
		C6DCBCF027CF954100AE991B /* BasicCollectionViewCell.xib in Resources */ = {isa = PBXBuildFile; fileRef = C6DCBC7927CF954100AE991B /* BasicCollectionViewCell.xib */; };
		C6DCBCF127CF954100AE991B /* InterfaceBuilderCollectionViewCell.swift in Sources */ = {isa = PBXBuildFile; fileRef = C6DCBC7A27CF954100AE991B /* InterfaceBuilderCollectionViewCell.swift */; };
		C6DCBCF227CF954100AE991B /* CollectionViewContextMenuConfigurator.swift in Sources */ = {isa = PBXBuildFile; fileRef = C6DCBC7C27CF954100AE991B /* CollectionViewContextMenuConfigurator.swift */; };
		C6DCBCF327CF954100AE991B /* CollectionViewDataSource.swift in Sources */ = {isa = PBXBuildFile; fileRef = C6DCBC7D27CF954100AE991B /* CollectionViewDataSource.swift */; };
		C6DCBCF427CF954100AE991B /* CollectionViewCellConfigurator.swift in Sources */ = {isa = PBXBuildFile; fileRef = C6DCBC7E27CF954100AE991B /* CollectionViewCellConfigurator.swift */; };
		C6DCBCF527CF954100AE991B /* CollectionViewDelegate.swift in Sources */ = {isa = PBXBuildFile; fileRef = C6DCBC7F27CF954100AE991B /* CollectionViewDelegate.swift */; };
		C6DCBCF627CF954100AE991B /* CollectionViewTapResponder.swift in Sources */ = {isa = PBXBuildFile; fileRef = C6DCBC8027CF954100AE991B /* CollectionViewTapResponder.swift */; };
		C6DCBCF727CF954100AE991B /* CollectionView.swift in Sources */ = {isa = PBXBuildFile; fileRef = C6DCBC8227CF954100AE991B /* CollectionView.swift */; };
		C6DCBCF827CF954100AE991B /* CollectionViewCell.swift in Sources */ = {isa = PBXBuildFile; fileRef = C6DCBC8327CF954100AE991B /* CollectionViewCell.swift */; };
		C6DCBCFB27CF954100AE991B /* InterfaceBuilderTableViewCell.swift in Sources */ = {isa = PBXBuildFile; fileRef = C6DCBC8927CF954100AE991B /* InterfaceBuilderTableViewCell.swift */; };
		C6DCBCFC27CF954100AE991B /* TableViewContextMenuConfigurator.swift in Sources */ = {isa = PBXBuildFile; fileRef = C6DCBC8B27CF954100AE991B /* TableViewContextMenuConfigurator.swift */; };
		C6DCBCFD27CF954100AE991B /* TableViewTapResponder.swift in Sources */ = {isa = PBXBuildFile; fileRef = C6DCBC8C27CF954100AE991B /* TableViewTapResponder.swift */; };
		C6DCBCFE27CF954100AE991B /* TableViewDataSource.swift in Sources */ = {isa = PBXBuildFile; fileRef = C6DCBC8D27CF954100AE991B /* TableViewDataSource.swift */; };
		C6DCBCFF27CF954100AE991B /* TableViewSwipeResponder.swift in Sources */ = {isa = PBXBuildFile; fileRef = C6DCBC8E27CF954100AE991B /* TableViewSwipeResponder.swift */; };
		C6DCBD0027CF954100AE991B /* TableViewDelegate.swift in Sources */ = {isa = PBXBuildFile; fileRef = C6DCBC8F27CF954100AE991B /* TableViewDelegate.swift */; };
		C6DCBD0127CF954100AE991B /* TableViewCellConfigurator.swift in Sources */ = {isa = PBXBuildFile; fileRef = C6DCBC9027CF954100AE991B /* TableViewCellConfigurator.swift */; };
		C6DCBD0227CF954100AE991B /* TableViewCell.swift in Sources */ = {isa = PBXBuildFile; fileRef = C6DCBC9227CF954100AE991B /* TableViewCell.swift */; };
		C6DCBD0327CF954100AE991B /* TableView.swift in Sources */ = {isa = PBXBuildFile; fileRef = C6DCBC9327CF954100AE991B /* TableView.swift */; };
		C6DCBD0827CF954100AE991B /* UIKitExtensions.swift in Sources */ = {isa = PBXBuildFile; fileRef = C6DCBC9D27CF954100AE991B /* UIKitExtensions.swift */; };
		C6DCBD0927CF954100AE991B /* FooterActivityIndicatorView.xib in Resources */ = {isa = PBXBuildFile; fileRef = C6DCBCA027CF954100AE991B /* FooterActivityIndicatorView.xib */; };
		C6DCBD0A27CF954100AE991B /* ActivityIndicatorView.xib in Resources */ = {isa = PBXBuildFile; fileRef = C6DCBCA127CF954100AE991B /* ActivityIndicatorView.xib */; };
		C6DCBD0B27CF954100AE991B /* FooterActivityIndicatorView.swift in Sources */ = {isa = PBXBuildFile; fileRef = C6DCBCA227CF954100AE991B /* FooterActivityIndicatorView.swift */; };
		C6DCBD0C27CF954100AE991B /* ActivityIndicatorView.swift in Sources */ = {isa = PBXBuildFile; fileRef = C6DCBCA327CF954100AE991B /* ActivityIndicatorView.swift */; };
		C6DCBD0F27CF954100AE991B /* DPSFDynamicCollectionViewController.swift in Sources */ = {isa = PBXBuildFile; fileRef = C6DCBCAA27CF954100AE991B /* DPSFDynamicCollectionViewController.swift */; };
		C6DCBD1027CF954100AE991B /* DPSFDynamicCollectionView.swift in Sources */ = {isa = PBXBuildFile; fileRef = C6DCBCAB27CF954100AE991B /* DPSFDynamicCollectionView.swift */; };
		C6DCBD1227CF954100AE991B /* StatefulViewTypes.swift in Sources */ = {isa = PBXBuildFile; fileRef = C6DCBCAE27CF954100AE991B /* StatefulViewTypes.swift */; };
		C6DCBD1327CF954100AE991B /* StatefulViewProtocols.swift in Sources */ = {isa = PBXBuildFile; fileRef = C6DCBCAF27CF954100AE991B /* StatefulViewProtocols.swift */; };
		C6DCBD1E27CF954100AE991B /* DPSFViewController.swift in Sources */ = {isa = PBXBuildFile; fileRef = C6DCBCC427CF954100AE991B /* DPSFViewController.swift */; };
		C6DCBD1F27CF954100AE991B /* DPSFView.swift in Sources */ = {isa = PBXBuildFile; fileRef = C6DCBCC527CF954100AE991B /* DPSFView.swift */; };
		C6DCBD2527CF954100AE991B /* ErrorView.xib in Resources */ = {isa = PBXBuildFile; fileRef = C6DCBCCE27CF954100AE991B /* ErrorView.xib */; };
		C6DCBD2627CF954100AE991B /* FooterErrorView.xib in Resources */ = {isa = PBXBuildFile; fileRef = C6DCBCD027CF954100AE991B /* FooterErrorView.xib */; };
		C6DCBD2727CF954100AE991B /* FooterErrorView.swift in Sources */ = {isa = PBXBuildFile; fileRef = C6DCBCD127CF954100AE991B /* FooterErrorView.swift */; };
		C6DCBD2827CF954100AE991B /* ErrorView.swift in Sources */ = {isa = PBXBuildFile; fileRef = C6DCBCD227CF954100AE991B /* ErrorView.swift */; };
		C6DCBD2927CF954100AE991B /* ErrorViewTypes.swift in Sources */ = {isa = PBXBuildFile; fileRef = C6DCBCD327CF954100AE991B /* ErrorViewTypes.swift */; };
		C6DCBD2A27CF954100AE991B /* EmptyView.xib in Resources */ = {isa = PBXBuildFile; fileRef = C6DCBCD527CF954100AE991B /* EmptyView.xib */; };
		C6DCBD2B27CF954100AE991B /* EmptyView.swift in Sources */ = {isa = PBXBuildFile; fileRef = C6DCBCD627CF954100AE991B /* EmptyView.swift */; };
		C6DCBD2C27CF954100AE991B /* EmptyViewTypes.swift in Sources */ = {isa = PBXBuildFile; fileRef = C6DCBCD727CF954100AE991B /* EmptyViewTypes.swift */; };
		C6DCBD3527CF9A9300AE991B /* URLHelper.swift in Sources */ = {isa = PBXBuildFile; fileRef = C6DCBD2F27CF9A9300AE991B /* URLHelper.swift */; };
		C6DCBD3627CF9A9300AE991B /* NavigationRouter.swift in Sources */ = {isa = PBXBuildFile; fileRef = C6DCBD3127CF9A9300AE991B /* NavigationRouter.swift */; };
		C6DCBD3727CF9A9300AE991B /* AlertHelper.swift in Sources */ = {isa = PBXBuildFile; fileRef = C6DCBD3327CF9A9300AE991B /* AlertHelper.swift */; };
		C6DCBD3827CF9A9300AE991B /* AlertTypes.swift in Sources */ = {isa = PBXBuildFile; fileRef = C6DCBD3427CF9A9300AE991B /* AlertTypes.swift */; };
/* End PBXBuildFile section */

/* Begin PBXFileReference section */
		C613108827CF9EB100245A04 /* HomeViewController.swift */ = {isa = PBXFileReference; lastKnownFileType = sourcecode.swift; path = HomeViewController.swift; sourceTree = "<group>"; };
		C613108A27CFB01F00245A04 /* Info.plist */ = {isa = PBXFileReference; fileEncoding = 4; lastKnownFileType = text.plist.xml; path = Info.plist; sourceTree = "<group>"; };
		C6150E2E27CF8FB0002DCCC7 /* Tracker.app */ = {isa = PBXFileReference; explicitFileType = wrapper.application; includeInIndex = 0; path = Tracker.app; sourceTree = BUILT_PRODUCTS_DIR; };
		C6150E3127CF8FB0002DCCC7 /* AppDelegate.swift */ = {isa = PBXFileReference; lastKnownFileType = sourcecode.swift; path = AppDelegate.swift; sourceTree = "<group>"; };
		C6150E3327CF8FB0002DCCC7 /* SceneDelegate.swift */ = {isa = PBXFileReference; lastKnownFileType = sourcecode.swift; path = SceneDelegate.swift; sourceTree = "<group>"; };
		C6150E3827CF8FB0002DCCC7 /* Base */ = {isa = PBXFileReference; lastKnownFileType = file.storyboard; name = Base; path = Base.lproj/Main.storyboard; sourceTree = "<group>"; };
		C6150E3A27CF8FB2002DCCC7 /* Assets.xcassets */ = {isa = PBXFileReference; lastKnownFileType = folder.assetcatalog; path = Assets.xcassets; sourceTree = "<group>"; };
		C6150E3D27CF8FB2002DCCC7 /* Base */ = {isa = PBXFileReference; lastKnownFileType = file.storyboard; name = Base; path = Base.lproj/LaunchScreen.storyboard; sourceTree = "<group>"; };
		C6D87B8127CFDEF00027880C /* LocationManager.swift */ = {isa = PBXFileReference; lastKnownFileType = sourcecode.swift; path = LocationManager.swift; sourceTree = "<group>"; };
		C6D87B8427D008020027880C /* NotificationManager.swift */ = {isa = PBXFileReference; lastKnownFileType = sourcecode.swift; path = NotificationManager.swift; sourceTree = "<group>"; };
		C6D898DB27D0A6990005353D /* HomeLogicController.swift */ = {isa = PBXFileReference; lastKnownFileType = sourcecode.swift; path = HomeLogicController.swift; sourceTree = "<group>"; };
		C6D898DD27D0A8120005353D /* HomeViewModel.swift */ = {isa = PBXFileReference; lastKnownFileType = sourcecode.swift; path = HomeViewModel.swift; sourceTree = "<group>"; };
		C6D898E027D0E0ED0005353D /* SplashViewController.swift */ = {isa = PBXFileReference; lastKnownFileType = sourcecode.swift; path = SplashViewController.swift; sourceTree = "<group>"; };
		C6DCBC4D27CF954000AE991B /* DataPersistenceCollectionViewModel.swift */ = {isa = PBXFileReference; fileEncoding = 4; lastKnownFileType = sourcecode.swift; path = DataPersistenceCollectionViewModel.swift; sourceTree = "<group>"; };
		C6DCBC4F27CF954000AE991B /* DataPersistenceViewModel.swift */ = {isa = PBXFileReference; fileEncoding = 4; lastKnownFileType = sourcecode.swift; path = DataPersistenceViewModel.swift; sourceTree = "<group>"; };
		C6DCBC5127CF954000AE991B /* CellViewModel.swift */ = {isa = PBXFileReference; fileEncoding = 4; lastKnownFileType = sourcecode.swift; path = CellViewModel.swift; sourceTree = "<group>"; };
		C6DCBC5827CF954100AE991B /* ModelProtocols.swift */ = {isa = PBXFileReference; fileEncoding = 4; lastKnownFileType = sourcecode.swift; path = ModelProtocols.swift; sourceTree = "<group>"; };
		C6DCBC5A27CF954100AE991B /* Constants.swift */ = {isa = PBXFileReference; fileEncoding = 4; lastKnownFileType = sourcecode.swift; path = Constants.swift; sourceTree = "<group>"; };
		C6DCBC5F27CF954100AE991B /* FoundationExtensions.swift */ = {isa = PBXFileReference; fileEncoding = 4; lastKnownFileType = sourcecode.swift; path = FoundationExtensions.swift; sourceTree = "<group>"; };
		C6DCBC6127CF954100AE991B /* DataPersistenceLogicController.swift */ = {isa = PBXFileReference; fileEncoding = 4; lastKnownFileType = sourcecode.swift; path = DataPersistenceLogicController.swift; sourceTree = "<group>"; };
		C6DCBC6327CF954100AE991B /* FoundationTypes.swift */ = {isa = PBXFileReference; fileEncoding = 4; lastKnownFileType = sourcecode.swift; path = FoundationTypes.swift; sourceTree = "<group>"; };
		C6DCBC6527CF954100AE991B /* DataManager.swift */ = {isa = PBXFileReference; fileEncoding = 4; lastKnownFileType = sourcecode.swift; path = DataManager.swift; sourceTree = "<group>"; };
		C6DCBC6727CF954100AE991B /* FileManagerPersistenceProvider.swift */ = {isa = PBXFileReference; fileEncoding = 4; lastKnownFileType = sourcecode.swift; path = FileManagerPersistenceProvider.swift; sourceTree = "<group>"; };
		C6DCBC6827CF954100AE991B /* BundlePersistenceProvider.swift */ = {isa = PBXFileReference; fileEncoding = 4; lastKnownFileType = sourcecode.swift; path = BundlePersistenceProvider.swift; sourceTree = "<group>"; };
		C6DCBC6927CF954100AE991B /* UserDefaultsPersistenceProvider.swift */ = {isa = PBXFileReference; fileEncoding = 4; lastKnownFileType = sourcecode.swift; path = UserDefaultsPersistenceProvider.swift; sourceTree = "<group>"; };
		C6DCBC6A27CF954100AE991B /* RealmPersistenceProvider.swift */ = {isa = PBXFileReference; fileEncoding = 4; lastKnownFileType = sourcecode.swift; path = RealmPersistenceProvider.swift; sourceTree = "<group>"; };
		C6DCBC6B27CF954100AE991B /* DataProtocols.swift */ = {isa = PBXFileReference; fileEncoding = 4; lastKnownFileType = sourcecode.swift; path = DataProtocols.swift; sourceTree = "<group>"; };
		C6DCBC6C27CF954100AE991B /* DataTypes.swift */ = {isa = PBXFileReference; fileEncoding = 4; lastKnownFileType = sourcecode.swift; path = DataTypes.swift; sourceTree = "<group>"; };
		C6DCBC6F27CF954100AE991B /* StoryboardableViewController.swift */ = {isa = PBXFileReference; fileEncoding = 4; lastKnownFileType = sourcecode.swift; path = StoryboardableViewController.swift; sourceTree = "<group>"; };
		C6DCBC7327CF954100AE991B /* AdaptableSizeButton.swift */ = {isa = PBXFileReference; fileEncoding = 4; lastKnownFileType = sourcecode.swift; path = AdaptableSizeButton.swift; sourceTree = "<group>"; };
		C6DCBC7827CF954100AE991B /* BasicCollectionViewCell.swift */ = {isa = PBXFileReference; fileEncoding = 4; lastKnownFileType = sourcecode.swift; path = BasicCollectionViewCell.swift; sourceTree = "<group>"; };
		C6DCBC7927CF954100AE991B /* BasicCollectionViewCell.xib */ = {isa = PBXFileReference; fileEncoding = 4; lastKnownFileType = file.xib; path = BasicCollectionViewCell.xib; sourceTree = "<group>"; };
		C6DCBC7A27CF954100AE991B /* InterfaceBuilderCollectionViewCell.swift */ = {isa = PBXFileReference; fileEncoding = 4; lastKnownFileType = sourcecode.swift; path = InterfaceBuilderCollectionViewCell.swift; sourceTree = "<group>"; };
		C6DCBC7C27CF954100AE991B /* CollectionViewContextMenuConfigurator.swift */ = {isa = PBXFileReference; fileEncoding = 4; lastKnownFileType = sourcecode.swift; path = CollectionViewContextMenuConfigurator.swift; sourceTree = "<group>"; };
		C6DCBC7D27CF954100AE991B /* CollectionViewDataSource.swift */ = {isa = PBXFileReference; fileEncoding = 4; lastKnownFileType = sourcecode.swift; path = CollectionViewDataSource.swift; sourceTree = "<group>"; };
		C6DCBC7E27CF954100AE991B /* CollectionViewCellConfigurator.swift */ = {isa = PBXFileReference; fileEncoding = 4; lastKnownFileType = sourcecode.swift; path = CollectionViewCellConfigurator.swift; sourceTree = "<group>"; };
		C6DCBC7F27CF954100AE991B /* CollectionViewDelegate.swift */ = {isa = PBXFileReference; fileEncoding = 4; lastKnownFileType = sourcecode.swift; path = CollectionViewDelegate.swift; sourceTree = "<group>"; };
		C6DCBC8027CF954100AE991B /* CollectionViewTapResponder.swift */ = {isa = PBXFileReference; fileEncoding = 4; lastKnownFileType = sourcecode.swift; path = CollectionViewTapResponder.swift; sourceTree = "<group>"; };
		C6DCBC8227CF954100AE991B /* CollectionView.swift */ = {isa = PBXFileReference; fileEncoding = 4; lastKnownFileType = sourcecode.swift; path = CollectionView.swift; sourceTree = "<group>"; };
		C6DCBC8327CF954100AE991B /* CollectionViewCell.swift */ = {isa = PBXFileReference; fileEncoding = 4; lastKnownFileType = sourcecode.swift; path = CollectionViewCell.swift; sourceTree = "<group>"; };
		C6DCBC8927CF954100AE991B /* InterfaceBuilderTableViewCell.swift */ = {isa = PBXFileReference; fileEncoding = 4; lastKnownFileType = sourcecode.swift; path = InterfaceBuilderTableViewCell.swift; sourceTree = "<group>"; };
		C6DCBC8B27CF954100AE991B /* TableViewContextMenuConfigurator.swift */ = {isa = PBXFileReference; fileEncoding = 4; lastKnownFileType = sourcecode.swift; path = TableViewContextMenuConfigurator.swift; sourceTree = "<group>"; };
		C6DCBC8C27CF954100AE991B /* TableViewTapResponder.swift */ = {isa = PBXFileReference; fileEncoding = 4; lastKnownFileType = sourcecode.swift; path = TableViewTapResponder.swift; sourceTree = "<group>"; };
		C6DCBC8D27CF954100AE991B /* TableViewDataSource.swift */ = {isa = PBXFileReference; fileEncoding = 4; lastKnownFileType = sourcecode.swift; path = TableViewDataSource.swift; sourceTree = "<group>"; };
		C6DCBC8E27CF954100AE991B /* TableViewSwipeResponder.swift */ = {isa = PBXFileReference; fileEncoding = 4; lastKnownFileType = sourcecode.swift; path = TableViewSwipeResponder.swift; sourceTree = "<group>"; };
		C6DCBC8F27CF954100AE991B /* TableViewDelegate.swift */ = {isa = PBXFileReference; fileEncoding = 4; lastKnownFileType = sourcecode.swift; path = TableViewDelegate.swift; sourceTree = "<group>"; };
		C6DCBC9027CF954100AE991B /* TableViewCellConfigurator.swift */ = {isa = PBXFileReference; fileEncoding = 4; lastKnownFileType = sourcecode.swift; path = TableViewCellConfigurator.swift; sourceTree = "<group>"; };
		C6DCBC9227CF954100AE991B /* TableViewCell.swift */ = {isa = PBXFileReference; fileEncoding = 4; lastKnownFileType = sourcecode.swift; path = TableViewCell.swift; sourceTree = "<group>"; };
		C6DCBC9327CF954100AE991B /* TableView.swift */ = {isa = PBXFileReference; fileEncoding = 4; lastKnownFileType = sourcecode.swift; path = TableView.swift; sourceTree = "<group>"; };
		C6DCBC9D27CF954100AE991B /* UIKitExtensions.swift */ = {isa = PBXFileReference; fileEncoding = 4; lastKnownFileType = sourcecode.swift; path = UIKitExtensions.swift; sourceTree = "<group>"; };
		C6DCBCA027CF954100AE991B /* FooterActivityIndicatorView.xib */ = {isa = PBXFileReference; fileEncoding = 4; lastKnownFileType = file.xib; path = FooterActivityIndicatorView.xib; sourceTree = "<group>"; };
		C6DCBCA127CF954100AE991B /* ActivityIndicatorView.xib */ = {isa = PBXFileReference; fileEncoding = 4; lastKnownFileType = file.xib; path = ActivityIndicatorView.xib; sourceTree = "<group>"; };
		C6DCBCA227CF954100AE991B /* FooterActivityIndicatorView.swift */ = {isa = PBXFileReference; fileEncoding = 4; lastKnownFileType = sourcecode.swift; path = FooterActivityIndicatorView.swift; sourceTree = "<group>"; };
		C6DCBCA327CF954100AE991B /* ActivityIndicatorView.swift */ = {isa = PBXFileReference; fileEncoding = 4; lastKnownFileType = sourcecode.swift; path = ActivityIndicatorView.swift; sourceTree = "<group>"; };
		C6DCBCAA27CF954100AE991B /* DPSFDynamicCollectionViewController.swift */ = {isa = PBXFileReference; fileEncoding = 4; lastKnownFileType = sourcecode.swift; path = DPSFDynamicCollectionViewController.swift; sourceTree = "<group>"; };
		C6DCBCAB27CF954100AE991B /* DPSFDynamicCollectionView.swift */ = {isa = PBXFileReference; fileEncoding = 4; lastKnownFileType = sourcecode.swift; path = DPSFDynamicCollectionView.swift; sourceTree = "<group>"; };
		C6DCBCAE27CF954100AE991B /* StatefulViewTypes.swift */ = {isa = PBXFileReference; fileEncoding = 4; lastKnownFileType = sourcecode.swift; path = StatefulViewTypes.swift; sourceTree = "<group>"; };
		C6DCBCAF27CF954100AE991B /* StatefulViewProtocols.swift */ = {isa = PBXFileReference; fileEncoding = 4; lastKnownFileType = sourcecode.swift; path = StatefulViewProtocols.swift; sourceTree = "<group>"; };
		C6DCBCC427CF954100AE991B /* DPSFViewController.swift */ = {isa = PBXFileReference; fileEncoding = 4; lastKnownFileType = sourcecode.swift; path = DPSFViewController.swift; sourceTree = "<group>"; };
		C6DCBCC527CF954100AE991B /* DPSFView.swift */ = {isa = PBXFileReference; fileEncoding = 4; lastKnownFileType = sourcecode.swift; path = DPSFView.swift; sourceTree = "<group>"; };
		C6DCBCCF27CF954100AE991B /* Base */ = {isa = PBXFileReference; lastKnownFileType = file.xib; name = Base; path = Base.lproj/ErrorView.xib; sourceTree = "<group>"; };
		C6DCBCD027CF954100AE991B /* FooterErrorView.xib */ = {isa = PBXFileReference; fileEncoding = 4; lastKnownFileType = file.xib; path = FooterErrorView.xib; sourceTree = "<group>"; };
		C6DCBCD127CF954100AE991B /* FooterErrorView.swift */ = {isa = PBXFileReference; fileEncoding = 4; lastKnownFileType = sourcecode.swift; path = FooterErrorView.swift; sourceTree = "<group>"; };
		C6DCBCD227CF954100AE991B /* ErrorView.swift */ = {isa = PBXFileReference; fileEncoding = 4; lastKnownFileType = sourcecode.swift; path = ErrorView.swift; sourceTree = "<group>"; };
		C6DCBCD327CF954100AE991B /* ErrorViewTypes.swift */ = {isa = PBXFileReference; fileEncoding = 4; lastKnownFileType = sourcecode.swift; path = ErrorViewTypes.swift; sourceTree = "<group>"; };
		C6DCBCD527CF954100AE991B /* EmptyView.xib */ = {isa = PBXFileReference; fileEncoding = 4; lastKnownFileType = file.xib; path = EmptyView.xib; sourceTree = "<group>"; };
		C6DCBCD627CF954100AE991B /* EmptyView.swift */ = {isa = PBXFileReference; fileEncoding = 4; lastKnownFileType = sourcecode.swift; path = EmptyView.swift; sourceTree = "<group>"; };
		C6DCBCD727CF954100AE991B /* EmptyViewTypes.swift */ = {isa = PBXFileReference; fileEncoding = 4; lastKnownFileType = sourcecode.swift; path = EmptyViewTypes.swift; sourceTree = "<group>"; };
		C6DCBD2F27CF9A9300AE991B /* URLHelper.swift */ = {isa = PBXFileReference; fileEncoding = 4; lastKnownFileType = sourcecode.swift; path = URLHelper.swift; sourceTree = "<group>"; };
		C6DCBD3127CF9A9300AE991B /* NavigationRouter.swift */ = {isa = PBXFileReference; fileEncoding = 4; lastKnownFileType = sourcecode.swift; path = NavigationRouter.swift; sourceTree = "<group>"; };
		C6DCBD3327CF9A9300AE991B /* AlertHelper.swift */ = {isa = PBXFileReference; fileEncoding = 4; lastKnownFileType = sourcecode.swift; path = AlertHelper.swift; sourceTree = "<group>"; };
		C6DCBD3427CF9A9300AE991B /* AlertTypes.swift */ = {isa = PBXFileReference; fileEncoding = 4; lastKnownFileType = sourcecode.swift; path = AlertTypes.swift; sourceTree = "<group>"; };
/* End PBXFileReference section */

/* Begin PBXFrameworksBuildPhase section */
		C6150E2B27CF8FB0002DCCC7 /* Frameworks */ = {
			isa = PBXFrameworksBuildPhase;
			buildActionMask = 2147483647;
			files = (
			);
			runOnlyForDeploymentPostprocessing = 0;
		};
/* End PBXFrameworksBuildPhase section */

/* Begin PBXGroup section */
		C613108327CF9DCF00245A04 /* Home */ = {
			isa = PBXGroup;
			children = (
				C613108427CF9DDF00245A04 /* Model */,
				C613108527CF9DE400245A04 /* View */,
				C613108727CF9DF000245A04 /* View Controller */,
				C613108627CF9DEA00245A04 /* View Model */,
			);
			path = Home;
			sourceTree = "<group>";
		};
		C613108427CF9DDF00245A04 /* Model */ = {
			isa = PBXGroup;
			children = (
				C6D898DB27D0A6990005353D /* HomeLogicController.swift */,
			);
			path = Model;
			sourceTree = "<group>";
		};
		C613108527CF9DE400245A04 /* View */ = {
			isa = PBXGroup;
			children = (
			);
			path = View;
			sourceTree = "<group>";
		};
		C613108627CF9DEA00245A04 /* View Model */ = {
			isa = PBXGroup;
			children = (
				C6D898DD27D0A8120005353D /* HomeViewModel.swift */,
			);
			path = "View Model";
			sourceTree = "<group>";
		};
		C613108727CF9DF000245A04 /* View Controller */ = {
			isa = PBXGroup;
			children = (
				C613108827CF9EB100245A04 /* HomeViewController.swift */,
			);
			path = "View Controller";
			sourceTree = "<group>";
		};
		C6150E2527CF8FB0002DCCC7 = {
			isa = PBXGroup;
			children = (
				C6150E3027CF8FB0002DCCC7 /* Tracker */,
				C6150E2F27CF8FB0002DCCC7 /* Products */,
			);
			sourceTree = "<group>";
		};
		C6150E2F27CF8FB0002DCCC7 /* Products */ = {
			isa = PBXGroup;
			children = (
				C6150E2E27CF8FB0002DCCC7 /* Tracker.app */,
			);
			name = Products;
			sourceTree = "<group>";
		};
		C6150E3027CF8FB0002DCCC7 /* Tracker */ = {
			isa = PBXGroup;
			children = (
				C6DCBD2D27CF954900AE991B /* Commons */,
				C6150E4527CF913B002DCCC7 /* Modules */,
				C6150E4827CF9156002DCCC7 /* Resources */,
			);
			path = Tracker;
			sourceTree = "<group>";
		};
		C6150E4527CF913B002DCCC7 /* Modules */ = {
			isa = PBXGroup;
			children = (
				C6150E4627CF9142002DCCC7 /* Main */,
				C6DCBD3927CF9A9600AE991B /* Support */,
			);
			path = Modules;
			sourceTree = "<group>";
		};
		C6150E4627CF9142002DCCC7 /* Main */ = {
			isa = PBXGroup;
			children = (
				C6150E4727CF9148002DCCC7 /* App */,
				C6D898DF27D0E0D80005353D /* Splash */,
				C613108327CF9DCF00245A04 /* Home */,
			);
			path = Main;
			sourceTree = "<group>";
		};
		C6150E4727CF9148002DCCC7 /* App */ = {
			isa = PBXGroup;
			children = (
				C6150E3127CF8FB0002DCCC7 /* AppDelegate.swift */,
				C6150E3327CF8FB0002DCCC7 /* SceneDelegate.swift */,
			);
			path = App;
			sourceTree = "<group>";
		};
		C6150E4827CF9156002DCCC7 /* Resources */ = {
			isa = PBXGroup;
			children = (
				C6150E3A27CF8FB2002DCCC7 /* Assets.xcassets */,
				C613108A27CFB01F00245A04 /* Info.plist */,
			);
			path = Resources;
			sourceTree = "<group>";
		};
		C6D87B8027CFDEDA0027880C /* Location */ = {
			isa = PBXGroup;
			children = (
				C6D87B8127CFDEF00027880C /* LocationManager.swift */,
			);
			path = Location;
			sourceTree = "<group>";
		};
		C6D87B8327D007E70027880C /* Notification */ = {
			isa = PBXGroup;
			children = (
				C6D87B8427D008020027880C /* NotificationManager.swift */,
			);
			path = Notification;
			sourceTree = "<group>";
		};
		C6D898DF27D0E0D80005353D /* Splash */ = {
			isa = PBXGroup;
			children = (
				C6D898E027D0E0ED0005353D /* SplashViewController.swift */,
			);
			path = Splash;
			sourceTree = "<group>";
		};
		C6DCBC4827CF954000AE991B /* View Model */ = {
			isa = PBXGroup;
			children = (
				C6DCBC4E27CF954000AE991B /* General */,
				C6DCBC4927CF954000AE991B /* Collection View */,
			);
			path = "View Model";
			sourceTree = "<group>";
		};
		C6DCBC4927CF954000AE991B /* Collection View */ = {
			isa = PBXGroup;
			children = (
				C6DCBC4C27CF954000AE991B /* Data Persistence */,
			);
			path = "Collection View";
			sourceTree = "<group>";
		};
		C6DCBC4C27CF954000AE991B /* Data Persistence */ = {
			isa = PBXGroup;
			children = (
				C6DCBC4D27CF954000AE991B /* DataPersistenceCollectionViewModel.swift */,
			);
			path = "Data Persistence";
			sourceTree = "<group>";
		};
		C6DCBC4E27CF954000AE991B /* General */ = {
			isa = PBXGroup;
			children = (
				C6DCBC4F27CF954000AE991B /* DataPersistenceViewModel.swift */,
				C6DCBC5127CF954000AE991B /* CellViewModel.swift */,
			);
			path = General;
			sourceTree = "<group>";
		};
		C6DCBC5727CF954000AE991B /* Model */ = {
			isa = PBXGroup;
			children = (
				C6DCBC5927CF954100AE991B /* Constants */,
				C6DCBC6427CF954100AE991B /* Data */,
				C6DCBC6027CF954100AE991B /* Logic Controller */,
				C6DCBC5F27CF954100AE991B /* FoundationExtensions.swift */,
				C6DCBC6327CF954100AE991B /* FoundationTypes.swift */,
				C6DCBC5827CF954100AE991B /* ModelProtocols.swift */,
			);
			path = Model;
			sourceTree = "<group>";
		};
		C6DCBC5927CF954100AE991B /* Constants */ = {
			isa = PBXGroup;
			children = (
				C6DCBC5A27CF954100AE991B /* Constants.swift */,
			);
			path = Constants;
			sourceTree = "<group>";
		};
		C6DCBC6027CF954100AE991B /* Logic Controller */ = {
			isa = PBXGroup;
			children = (
				C6DCBC6127CF954100AE991B /* DataPersistenceLogicController.swift */,
			);
			path = "Logic Controller";
			sourceTree = "<group>";
		};
		C6DCBC6427CF954100AE991B /* Data */ = {
			isa = PBXGroup;
			children = (
				C6DCBC6627CF954100AE991B /* Persistence Providers */,
				C6DCBC6527CF954100AE991B /* DataManager.swift */,
				C6DCBC6B27CF954100AE991B /* DataProtocols.swift */,
				C6DCBC6C27CF954100AE991B /* DataTypes.swift */,
			);
			path = Data;
			sourceTree = "<group>";
		};
		C6DCBC6627CF954100AE991B /* Persistence Providers */ = {
			isa = PBXGroup;
			children = (
				C6DCBC6727CF954100AE991B /* FileManagerPersistenceProvider.swift */,
				C6DCBC6827CF954100AE991B /* BundlePersistenceProvider.swift */,
				C6DCBC6927CF954100AE991B /* UserDefaultsPersistenceProvider.swift */,
				C6DCBC6A27CF954100AE991B /* RealmPersistenceProvider.swift */,
			);
			path = "Persistence Providers";
			sourceTree = "<group>";
		};
		C6DCBC6D27CF954100AE991B /* View Controller */ = {
			isa = PBXGroup;
			children = (
				C6DCBC6E27CF954100AE991B /* Protocols */,
			);
			path = "View Controller";
			sourceTree = "<group>";
		};
		C6DCBC6E27CF954100AE991B /* Protocols */ = {
			isa = PBXGroup;
			children = (
				C6DCBC6F27CF954100AE991B /* StoryboardableViewController.swift */,
			);
			path = Protocols;
			sourceTree = "<group>";
		};
		C6DCBC7027CF954100AE991B /* View */ = {
			isa = PBXGroup;
			children = (
				C6DCBC7427CF954100AE991B /* Basic Views */,
				C6DCBC7127CF954100AE991B /* Custom Controls */,
				C6DCBC9E27CF954100AE991B /* Custom Views */,
				C6DCBC9427CF954100AE991B /* Storyboard */,
				C6DCBC9D27CF954100AE991B /* UIKitExtensions.swift */,
			);
			path = View;
			sourceTree = "<group>";
		};
		C6DCBC7127CF954100AE991B /* Custom Controls */ = {
			isa = PBXGroup;
			children = (
				C6DCBC7227CF954100AE991B /* Buttons */,
			);
			path = "Custom Controls";
			sourceTree = "<group>";
		};
		C6DCBC7227CF954100AE991B /* Buttons */ = {
			isa = PBXGroup;
			children = (
				C6DCBC7327CF954100AE991B /* AdaptableSizeButton.swift */,
			);
			path = Buttons;
			sourceTree = "<group>";
		};
		C6DCBC7427CF954100AE991B /* Basic Views */ = {
			isa = PBXGroup;
			children = (
				C6DCBC7527CF954100AE991B /* Collection View */,
				C6DCBC8427CF954100AE991B /* Table View */,
			);
			path = "Basic Views";
			sourceTree = "<group>";
		};
		C6DCBC7527CF954100AE991B /* Collection View */ = {
			isa = PBXGroup;
			children = (
				C6DCBC7627CF954100AE991B /* Custom Cells */,
				C6DCBC7B27CF954100AE991B /* Custom Components */,
				C6DCBC8127CF954100AE991B /* Custom Classes */,
			);
			path = "Collection View";
			sourceTree = "<group>";
		};
		C6DCBC7627CF954100AE991B /* Custom Cells */ = {
			isa = PBXGroup;
			children = (
				C6DCBC7727CF954100AE991B /* Basic */,
				C6DCBC7A27CF954100AE991B /* InterfaceBuilderCollectionViewCell.swift */,
			);
			path = "Custom Cells";
			sourceTree = "<group>";
		};
		C6DCBC7727CF954100AE991B /* Basic */ = {
			isa = PBXGroup;
			children = (
				C6DCBC7827CF954100AE991B /* BasicCollectionViewCell.swift */,
				C6DCBC7927CF954100AE991B /* BasicCollectionViewCell.xib */,
			);
			path = Basic;
			sourceTree = "<group>";
		};
		C6DCBC7B27CF954100AE991B /* Custom Components */ = {
			isa = PBXGroup;
			children = (
				C6DCBC7C27CF954100AE991B /* CollectionViewContextMenuConfigurator.swift */,
				C6DCBC7D27CF954100AE991B /* CollectionViewDataSource.swift */,
				C6DCBC7E27CF954100AE991B /* CollectionViewCellConfigurator.swift */,
				C6DCBC7F27CF954100AE991B /* CollectionViewDelegate.swift */,
				C6DCBC8027CF954100AE991B /* CollectionViewTapResponder.swift */,
			);
			path = "Custom Components";
			sourceTree = "<group>";
		};
		C6DCBC8127CF954100AE991B /* Custom Classes */ = {
			isa = PBXGroup;
			children = (
				C6DCBC8227CF954100AE991B /* CollectionView.swift */,
				C6DCBC8327CF954100AE991B /* CollectionViewCell.swift */,
			);
			path = "Custom Classes";
			sourceTree = "<group>";
		};
		C6DCBC8427CF954100AE991B /* Table View */ = {
			isa = PBXGroup;
			children = (
				C6DCBC8527CF954100AE991B /* Custom Cells */,
				C6DCBC8A27CF954100AE991B /* Custom Components */,
				C6DCBC9127CF954100AE991B /* Custom Classes */,
			);
			path = "Table View";
			sourceTree = "<group>";
		};
		C6DCBC8527CF954100AE991B /* Custom Cells */ = {
			isa = PBXGroup;
			children = (
				C6DCBC8627CF954100AE991B /* Basic */,
				C6DCBC8927CF954100AE991B /* InterfaceBuilderTableViewCell.swift */,
			);
			path = "Custom Cells";
			sourceTree = "<group>";
		};
		C6DCBC8627CF954100AE991B /* Basic */ = {
			isa = PBXGroup;
			children = (
			);
			path = Basic;
			sourceTree = "<group>";
		};
		C6DCBC8A27CF954100AE991B /* Custom Components */ = {
			isa = PBXGroup;
			children = (
				C6DCBC8B27CF954100AE991B /* TableViewContextMenuConfigurator.swift */,
				C6DCBC8C27CF954100AE991B /* TableViewTapResponder.swift */,
				C6DCBC8D27CF954100AE991B /* TableViewDataSource.swift */,
				C6DCBC8E27CF954100AE991B /* TableViewSwipeResponder.swift */,
				C6DCBC8F27CF954100AE991B /* TableViewDelegate.swift */,
				C6DCBC9027CF954100AE991B /* TableViewCellConfigurator.swift */,
			);
			path = "Custom Components";
			sourceTree = "<group>";
		};
		C6DCBC9127CF954100AE991B /* Custom Classes */ = {
			isa = PBXGroup;
			children = (
				C6DCBC9227CF954100AE991B /* TableViewCell.swift */,
				C6DCBC9327CF954100AE991B /* TableView.swift */,
			);
			path = "Custom Classes";
			sourceTree = "<group>";
		};
		C6DCBC9427CF954100AE991B /* Storyboard */ = {
			isa = PBXGroup;
			children = (
				C6150E3C27CF8FB2002DCCC7 /* LaunchScreen.storyboard */,
				C6150E3727CF8FB0002DCCC7 /* Main.storyboard */,
			);
			path = Storyboard;
			sourceTree = "<group>";
		};
		C6DCBC9E27CF954100AE991B /* Custom Views */ = {
			isa = PBXGroup;
			children = (
				C6DCBC9F27CF954100AE991B /* Activity Indicator Views */,
				C6DCBCD427CF954100AE991B /* Empty Views */,
				C6DCBCCB27CF954100AE991B /* Error Views */,
				C6DCBCA427CF954100AE991B /* Stateful Views */,
			);
			path = "Custom Views";
			sourceTree = "<group>";
		};
		C6DCBC9F27CF954100AE991B /* Activity Indicator Views */ = {
			isa = PBXGroup;
			children = (
				C6DCBCA027CF954100AE991B /* FooterActivityIndicatorView.xib */,
				C6DCBCA127CF954100AE991B /* ActivityIndicatorView.xib */,
				C6DCBCA227CF954100AE991B /* FooterActivityIndicatorView.swift */,
				C6DCBCA327CF954100AE991B /* ActivityIndicatorView.swift */,
			);
			path = "Activity Indicator Views";
			sourceTree = "<group>";
		};
		C6DCBCA427CF954100AE991B /* Stateful Views */ = {
			isa = PBXGroup;
			children = (
				C6DCBCA527CF954100AE991B /* Collection View */,
				C6DCBCBF27CF954100AE991B /* View */,
				C6DCBCAE27CF954100AE991B /* StatefulViewTypes.swift */,
				C6DCBCAF27CF954100AE991B /* StatefulViewProtocols.swift */,
			);
			path = "Stateful Views";
			sourceTree = "<group>";
		};
		C6DCBCA527CF954100AE991B /* Collection View */ = {
			isa = PBXGroup;
			children = (
				C6DCBCAA27CF954100AE991B /* DPSFDynamicCollectionViewController.swift */,
				C6DCBCAB27CF954100AE991B /* DPSFDynamicCollectionView.swift */,
			);
			path = "Collection View";
			sourceTree = "<group>";
		};
		C6DCBCBF27CF954100AE991B /* View */ = {
			isa = PBXGroup;
			children = (
				C6DCBCC427CF954100AE991B /* DPSFViewController.swift */,
				C6DCBCC527CF954100AE991B /* DPSFView.swift */,
			);
			path = View;
			sourceTree = "<group>";
		};
		C6DCBCCB27CF954100AE991B /* Error Views */ = {
			isa = PBXGroup;
			children = (
				C6DCBCCE27CF954100AE991B /* ErrorView.xib */,
				C6DCBCD027CF954100AE991B /* FooterErrorView.xib */,
				C6DCBCD127CF954100AE991B /* FooterErrorView.swift */,
				C6DCBCD227CF954100AE991B /* ErrorView.swift */,
				C6DCBCD327CF954100AE991B /* ErrorViewTypes.swift */,
			);
			path = "Error Views";
			sourceTree = "<group>";
		};
		C6DCBCD427CF954100AE991B /* Empty Views */ = {
			isa = PBXGroup;
			children = (
				C6DCBCD527CF954100AE991B /* EmptyView.xib */,
				C6DCBCD627CF954100AE991B /* EmptyView.swift */,
				C6DCBCD727CF954100AE991B /* EmptyViewTypes.swift */,
			);
			path = "Empty Views";
			sourceTree = "<group>";
		};
		C6DCBD2D27CF954900AE991B /* Commons */ = {
			isa = PBXGroup;
			children = (
				C6DCBC5727CF954000AE991B /* Model */,
				C6DCBC7027CF954100AE991B /* View */,
				C6DCBC6D27CF954100AE991B /* View Controller */,
				C6DCBC4827CF954000AE991B /* View Model */,
			);
			path = Commons;
			sourceTree = "<group>";
		};
		C6DCBD2E27CF9A9300AE991B /* URL */ = {
			isa = PBXGroup;
			children = (
				C6DCBD2F27CF9A9300AE991B /* URLHelper.swift */,
			);
			path = URL;
			sourceTree = "<group>";
		};
		C6DCBD3027CF9A9300AE991B /* Navigation */ = {
			isa = PBXGroup;
			children = (
				C6DCBD3127CF9A9300AE991B /* NavigationRouter.swift */,
			);
			path = Navigation;
			sourceTree = "<group>";
		};
		C6DCBD3227CF9A9300AE991B /* Alert */ = {
			isa = PBXGroup;
			children = (
				C6DCBD3327CF9A9300AE991B /* AlertHelper.swift */,
				C6DCBD3427CF9A9300AE991B /* AlertTypes.swift */,
			);
			path = Alert;
			sourceTree = "<group>";
		};
		C6DCBD3927CF9A9600AE991B /* Support */ = {
			isa = PBXGroup;
			children = (
				C6D87B8327D007E70027880C /* Notification */,
				C6D87B8027CFDEDA0027880C /* Location */,
				C6DCBD3227CF9A9300AE991B /* Alert */,
				C6DCBD3027CF9A9300AE991B /* Navigation */,
				C6DCBD2E27CF9A9300AE991B /* URL */,
			);
			path = Support;
			sourceTree = "<group>";
		};
/* End PBXGroup section */

/* Begin PBXNativeTarget section */
		C6150E2D27CF8FB0002DCCC7 /* Tracker */ = {
			isa = PBXNativeTarget;
			buildConfigurationList = C6150E4227CF8FB2002DCCC7 /* Build configuration list for PBXNativeTarget "Tracker" */;
			buildPhases = (
				C6150E2A27CF8FB0002DCCC7 /* Sources */,
				C6150E2B27CF8FB0002DCCC7 /* Frameworks */,
				C6150E2C27CF8FB0002DCCC7 /* Resources */,
			);
			buildRules = (
			);
			dependencies = (
			);
			name = Tracker;
			productName = Tracker;
			productReference = C6150E2E27CF8FB0002DCCC7 /* Tracker.app */;
			productType = "com.apple.product-type.application";
		};
/* End PBXNativeTarget section */

/* Begin PBXProject section */
		C6150E2627CF8FB0002DCCC7 /* Project object */ = {
			isa = PBXProject;
			attributes = {
				BuildIndependentTargetsInParallel = 1;
				LastSwiftUpdateCheck = 1320;
				LastUpgradeCheck = 1320;
				TargetAttributes = {
					C6150E2D27CF8FB0002DCCC7 = {
						CreatedOnToolsVersion = 13.2.1;
					};
				};
			};
			buildConfigurationList = C6150E2927CF8FB0002DCCC7 /* Build configuration list for PBXProject "Tracker" */;
			compatibilityVersion = "Xcode 11.0";
			developmentRegion = en;
			hasScannedForEncodings = 0;
			knownRegions = (
				en,
				Base,
				ar,
			);
			mainGroup = C6150E2527CF8FB0002DCCC7;
			productRefGroup = C6150E2F27CF8FB0002DCCC7 /* Products */;
			projectDirPath = "";
			projectRoot = "";
			targets = (
				C6150E2D27CF8FB0002DCCC7 /* Tracker */,
			);
		};
/* End PBXProject section */

/* Begin PBXResourcesBuildPhase section */
		C6150E2C27CF8FB0002DCCC7 /* Resources */ = {
			isa = PBXResourcesBuildPhase;
			buildActionMask = 2147483647;
			files = (
				C6150E3E27CF8FB2002DCCC7 /* LaunchScreen.storyboard in Resources */,
				C6DCBD0927CF954100AE991B /* FooterActivityIndicatorView.xib in Resources */,
				C6DCBCF027CF954100AE991B /* BasicCollectionViewCell.xib in Resources */,
				C6DCBD0A27CF954100AE991B /* ActivityIndicatorView.xib in Resources */,
				C6DCBD2A27CF954100AE991B /* EmptyView.xib in Resources */,
				C6DCBD2627CF954100AE991B /* FooterErrorView.xib in Resources */,
				C6DCBD2527CF954100AE991B /* ErrorView.xib in Resources */,
				C6150E3B27CF8FB2002DCCC7 /* Assets.xcassets in Resources */,
				C6150E3927CF8FB0002DCCC7 /* Main.storyboard in Resources */,
			);
			runOnlyForDeploymentPostprocessing = 0;
		};
/* End PBXResourcesBuildPhase section */

/* Begin PBXSourcesBuildPhase section */
		C6150E2A27CF8FB0002DCCC7 /* Sources */ = {
			isa = PBXSourcesBuildPhase;
			buildActionMask = 2147483647;
			files = (
				C6DCBCEB27CF954100AE991B /* DataProtocols.swift in Sources */,
				C6DCBD0127CF954100AE991B /* TableViewCellConfigurator.swift in Sources */,
				C6DCBCFC27CF954100AE991B /* TableViewContextMenuConfigurator.swift in Sources */,
				C6DCBCEE27CF954100AE991B /* AdaptableSizeButton.swift in Sources */,
				C6DCBCE227CF954100AE991B /* FoundationExtensions.swift in Sources */,
				C613108927CF9EB100245A04 /* HomeViewController.swift in Sources */,
				C6DCBCFD27CF954100AE991B /* TableViewTapResponder.swift in Sources */,
				C6DCBCD927CF954100AE991B /* DataPersistenceCollectionViewModel.swift in Sources */,
				C6DCBD1227CF954100AE991B /* StatefulViewTypes.swift in Sources */,
				C6DCBCE827CF954100AE991B /* BundlePersistenceProvider.swift in Sources */,
				C6DCBD2B27CF954100AE991B /* EmptyView.swift in Sources */,
				C6DCBD0B27CF954100AE991B /* FooterActivityIndicatorView.swift in Sources */,
				C6DCBCED27CF954100AE991B /* StoryboardableViewController.swift in Sources */,
				C6DCBCDF27CF954100AE991B /* ModelProtocols.swift in Sources */,
				C6DCBCF827CF954100AE991B /* CollectionViewCell.swift in Sources */,
				C6DCBD1027CF954100AE991B /* DPSFDynamicCollectionView.swift in Sources */,
				C6DCBCDC27CF954100AE991B /* CellViewModel.swift in Sources */,
				C6D87B8227CFDEF00027880C /* LocationManager.swift in Sources */,
				C6DCBCEC27CF954100AE991B /* DataTypes.swift in Sources */,
				C6DCBCE627CF954100AE991B /* DataManager.swift in Sources */,
				C6DCBD0227CF954100AE991B /* TableViewCell.swift in Sources */,
				C6DCBCEA27CF954100AE991B /* RealmPersistenceProvider.swift in Sources */,
				C6DCBCE527CF954100AE991B /* FoundationTypes.swift in Sources */,
				C6D898E127D0E0ED0005353D /* SplashViewController.swift in Sources */,
				C6150E3227CF8FB0002DCCC7 /* AppDelegate.swift in Sources */,
				C6DCBCF627CF954100AE991B /* CollectionViewTapResponder.swift in Sources */,
				C6DCBCF427CF954100AE991B /* CollectionViewCellConfigurator.swift in Sources */,
				C6DCBCE727CF954100AE991B /* FileManagerPersistenceProvider.swift in Sources */,
				C6DCBCF127CF954100AE991B /* InterfaceBuilderCollectionViewCell.swift in Sources */,
				C6DCBD0C27CF954100AE991B /* ActivityIndicatorView.swift in Sources */,
				C6DCBCDA27CF954100AE991B /* DataPersistenceViewModel.swift in Sources */,
				C6DCBD2C27CF954100AE991B /* EmptyViewTypes.swift in Sources */,
				C6DCBCF227CF954100AE991B /* CollectionViewContextMenuConfigurator.swift in Sources */,
				C6DCBCFE27CF954100AE991B /* TableViewDataSource.swift in Sources */,
				C6DCBD0027CF954100AE991B /* TableViewDelegate.swift in Sources */,
				C6DCBD0327CF954100AE991B /* TableView.swift in Sources */,
				C6DCBD2827CF954100AE991B /* ErrorView.swift in Sources */,
				C6DCBD3827CF9A9300AE991B /* AlertTypes.swift in Sources */,
				C6DCBD3627CF9A9300AE991B /* NavigationRouter.swift in Sources */,
				C6DCBD3527CF9A9300AE991B /* URLHelper.swift in Sources */,
				C6DCBD2727CF954100AE991B /* FooterErrorView.swift in Sources */,
				C6DCBCFF27CF954100AE991B /* TableViewSwipeResponder.swift in Sources */,
				C6DCBD0827CF954100AE991B /* UIKitExtensions.swift in Sources */,
				C6150E3427CF8FB0002DCCC7 /* SceneDelegate.swift in Sources */,
				C6D898DE27D0A8120005353D /* HomeViewModel.swift in Sources */,
				C6D898DC27D0A6990005353D /* HomeLogicController.swift in Sources */,
				C6DCBCF727CF954100AE991B /* CollectionView.swift in Sources */,
				C6DCBCF527CF954100AE991B /* CollectionViewDelegate.swift in Sources */,
				C6DCBD1F27CF954100AE991B /* DPSFView.swift in Sources */,
				C6DCBCEF27CF954100AE991B /* BasicCollectionViewCell.swift in Sources */,
				C6DCBCF327CF954100AE991B /* CollectionViewDataSource.swift in Sources */,
				C6DCBD2927CF954100AE991B /* ErrorViewTypes.swift in Sources */,
				C6DCBCE027CF954100AE991B /* Constants.swift in Sources */,
				C6DCBD0F27CF954100AE991B /* DPSFDynamicCollectionViewController.swift in Sources */,
				C6DCBCE327CF954100AE991B /* DataPersistenceLogicController.swift in Sources */,
				C6DCBD3727CF9A9300AE991B /* AlertHelper.swift in Sources */,
				C6DCBD1E27CF954100AE991B /* DPSFViewController.swift in Sources */,
				C6DCBCE927CF954100AE991B /* UserDefaultsPersistenceProvider.swift in Sources */,
				C6DCBD1327CF954100AE991B /* StatefulViewProtocols.swift in Sources */,
				C6D87B8527D008020027880C /* NotificationManager.swift in Sources */,
				C6DCBCFB27CF954100AE991B /* InterfaceBuilderTableViewCell.swift in Sources */,
			);
			runOnlyForDeploymentPostprocessing = 0;
		};
/* End PBXSourcesBuildPhase section */

/* Begin PBXVariantGroup section */
		C6150E3727CF8FB0002DCCC7 /* Main.storyboard */ = {
			isa = PBXVariantGroup;
			children = (
				C6150E3827CF8FB0002DCCC7 /* Base */,
			);
			name = Main.storyboard;
			sourceTree = "<group>";
		};
		C6150E3C27CF8FB2002DCCC7 /* LaunchScreen.storyboard */ = {
			isa = PBXVariantGroup;
			children = (
				C6150E3D27CF8FB2002DCCC7 /* Base */,
			);
			name = LaunchScreen.storyboard;
			sourceTree = "<group>";
		};
		C6DCBCCE27CF954100AE991B /* ErrorView.xib */ = {
			isa = PBXVariantGroup;
			children = (
				C6DCBCCF27CF954100AE991B /* Base */,
			);
			name = ErrorView.xib;
			sourceTree = "<group>";
		};
/* End PBXVariantGroup section */

/* Begin XCBuildConfiguration section */
		C6150E4027CF8FB2002DCCC7 /* Debug */ = {
			isa = XCBuildConfiguration;
			buildSettings = {
				ALWAYS_SEARCH_USER_PATHS = NO;
				CLANG_ANALYZER_NONNULL = YES;
				CLANG_ANALYZER_NUMBER_OBJECT_CONVERSION = YES_AGGRESSIVE;
				CLANG_CXX_LANGUAGE_STANDARD = "gnu++17";
				CLANG_CXX_LIBRARY = "libc++";
				CLANG_ENABLE_MODULES = YES;
				CLANG_ENABLE_OBJC_ARC = YES;
				CLANG_ENABLE_OBJC_WEAK = YES;
				CLANG_WARN_BLOCK_CAPTURE_AUTORELEASING = YES;
				CLANG_WARN_BOOL_CONVERSION = YES;
				CLANG_WARN_COMMA = YES;
				CLANG_WARN_CONSTANT_CONVERSION = YES;
				CLANG_WARN_DEPRECATED_OBJC_IMPLEMENTATIONS = YES;
				CLANG_WARN_DIRECT_OBJC_ISA_USAGE = YES_ERROR;
				CLANG_WARN_DOCUMENTATION_COMMENTS = YES;
				CLANG_WARN_EMPTY_BODY = YES;
				CLANG_WARN_ENUM_CONVERSION = YES;
				CLANG_WARN_INFINITE_RECURSION = YES;
				CLANG_WARN_INT_CONVERSION = YES;
				CLANG_WARN_NON_LITERAL_NULL_CONVERSION = YES;
				CLANG_WARN_OBJC_IMPLICIT_RETAIN_SELF = YES;
				CLANG_WARN_OBJC_LITERAL_CONVERSION = YES;
				CLANG_WARN_OBJC_ROOT_CLASS = YES_ERROR;
				CLANG_WARN_QUOTED_INCLUDE_IN_FRAMEWORK_HEADER = YES;
				CLANG_WARN_RANGE_LOOP_ANALYSIS = YES;
				CLANG_WARN_STRICT_PROTOTYPES = YES;
				CLANG_WARN_SUSPICIOUS_MOVE = YES;
				CLANG_WARN_UNGUARDED_AVAILABILITY = YES_AGGRESSIVE;
				CLANG_WARN_UNREACHABLE_CODE = YES;
				CLANG_WARN__DUPLICATE_METHOD_MATCH = YES;
				COPY_PHASE_STRIP = NO;
				DEBUG_INFORMATION_FORMAT = dwarf;
				ENABLE_STRICT_OBJC_MSGSEND = YES;
				ENABLE_TESTABILITY = YES;
				GCC_C_LANGUAGE_STANDARD = gnu11;
				GCC_DYNAMIC_NO_PIC = NO;
				GCC_NO_COMMON_BLOCKS = YES;
				GCC_OPTIMIZATION_LEVEL = 0;
				GCC_PREPROCESSOR_DEFINITIONS = (
					"DEBUG=1",
					"$(inherited)",
				);
				GCC_WARN_64_TO_32_BIT_CONVERSION = YES;
				GCC_WARN_ABOUT_RETURN_TYPE = YES_ERROR;
				GCC_WARN_UNDECLARED_SELECTOR = YES;
				GCC_WARN_UNINITIALIZED_AUTOS = YES_AGGRESSIVE;
				GCC_WARN_UNUSED_FUNCTION = YES;
				GCC_WARN_UNUSED_VARIABLE = YES;
				IPHONEOS_DEPLOYMENT_TARGET = 13.0;
				MTL_ENABLE_DEBUG_INFO = INCLUDE_SOURCE;
				MTL_FAST_MATH = YES;
				ONLY_ACTIVE_ARCH = YES;
				SDKROOT = iphoneos;
				SWIFT_ACTIVE_COMPILATION_CONDITIONS = DEBUG;
				SWIFT_OPTIMIZATION_LEVEL = "-Onone";
			};
			name = Debug;
		};
		C6150E4127CF8FB2002DCCC7 /* Release */ = {
			isa = XCBuildConfiguration;
			buildSettings = {
				ALWAYS_SEARCH_USER_PATHS = NO;
				CLANG_ANALYZER_NONNULL = YES;
				CLANG_ANALYZER_NUMBER_OBJECT_CONVERSION = YES_AGGRESSIVE;
				CLANG_CXX_LANGUAGE_STANDARD = "gnu++17";
				CLANG_CXX_LIBRARY = "libc++";
				CLANG_ENABLE_MODULES = YES;
				CLANG_ENABLE_OBJC_ARC = YES;
				CLANG_ENABLE_OBJC_WEAK = YES;
				CLANG_WARN_BLOCK_CAPTURE_AUTORELEASING = YES;
				CLANG_WARN_BOOL_CONVERSION = YES;
				CLANG_WARN_COMMA = YES;
				CLANG_WARN_CONSTANT_CONVERSION = YES;
				CLANG_WARN_DEPRECATED_OBJC_IMPLEMENTATIONS = YES;
				CLANG_WARN_DIRECT_OBJC_ISA_USAGE = YES_ERROR;
				CLANG_WARN_DOCUMENTATION_COMMENTS = YES;
				CLANG_WARN_EMPTY_BODY = YES;
				CLANG_WARN_ENUM_CONVERSION = YES;
				CLANG_WARN_INFINITE_RECURSION = YES;
				CLANG_WARN_INT_CONVERSION = YES;
				CLANG_WARN_NON_LITERAL_NULL_CONVERSION = YES;
				CLANG_WARN_OBJC_IMPLICIT_RETAIN_SELF = YES;
				CLANG_WARN_OBJC_LITERAL_CONVERSION = YES;
				CLANG_WARN_OBJC_ROOT_CLASS = YES_ERROR;
				CLANG_WARN_QUOTED_INCLUDE_IN_FRAMEWORK_HEADER = YES;
				CLANG_WARN_RANGE_LOOP_ANALYSIS = YES;
				CLANG_WARN_STRICT_PROTOTYPES = YES;
				CLANG_WARN_SUSPICIOUS_MOVE = YES;
				CLANG_WARN_UNGUARDED_AVAILABILITY = YES_AGGRESSIVE;
				CLANG_WARN_UNREACHABLE_CODE = YES;
				CLANG_WARN__DUPLICATE_METHOD_MATCH = YES;
				COPY_PHASE_STRIP = NO;
				DEBUG_INFORMATION_FORMAT = "dwarf-with-dsym";
				ENABLE_NS_ASSERTIONS = NO;
				ENABLE_STRICT_OBJC_MSGSEND = YES;
				GCC_C_LANGUAGE_STANDARD = gnu11;
				GCC_NO_COMMON_BLOCKS = YES;
				GCC_WARN_64_TO_32_BIT_CONVERSION = YES;
				GCC_WARN_ABOUT_RETURN_TYPE = YES_ERROR;
				GCC_WARN_UNDECLARED_SELECTOR = YES;
				GCC_WARN_UNINITIALIZED_AUTOS = YES_AGGRESSIVE;
				GCC_WARN_UNUSED_FUNCTION = YES;
				GCC_WARN_UNUSED_VARIABLE = YES;
				IPHONEOS_DEPLOYMENT_TARGET = 13.0;
				MTL_ENABLE_DEBUG_INFO = NO;
				MTL_FAST_MATH = YES;
				SDKROOT = iphoneos;
				SWIFT_COMPILATION_MODE = wholemodule;
				SWIFT_OPTIMIZATION_LEVEL = "-O";
				VALIDATE_PRODUCT = YES;
			};
			name = Release;
		};
		C6150E4327CF8FB2002DCCC7 /* Debug */ = {
			isa = XCBuildConfiguration;
			buildSettings = {
				ASSETCATALOG_COMPILER_APPICON_NAME = AppIcon;
				ASSETCATALOG_COMPILER_GLOBAL_ACCENT_COLOR_NAME = AccentColor;
				CODE_SIGN_STYLE = Automatic;
				CURRENT_PROJECT_VERSION = 1;
				DEVELOPMENT_TEAM = Z3SPAA69G7;
				GENERATE_INFOPLIST_FILE = NO;
				INFOPLIST_FILE = "$(SRCROOT)/Tracker/Resources/Info.plist";
				INFOPLIST_KEY_UIApplicationSupportsIndirectInputEvents = YES;
				INFOPLIST_KEY_UILaunchStoryboardName = LaunchScreen;
				INFOPLIST_KEY_UIMainStoryboardFile = Main;
				INFOPLIST_KEY_UISupportedInterfaceOrientations_iPad = "UIInterfaceOrientationPortrait UIInterfaceOrientationPortraitUpsideDown UIInterfaceOrientationLandscapeLeft UIInterfaceOrientationLandscapeRight";
				INFOPLIST_KEY_UISupportedInterfaceOrientations_iPhone = "UIInterfaceOrientationPortrait UIInterfaceOrientationLandscapeLeft UIInterfaceOrientationLandscapeRight";
				IPHONEOS_DEPLOYMENT_TARGET = 13.0;
				LD_RUNPATH_SEARCH_PATHS = (
					"$(inherited)",
					"@executable_path/Frameworks",
				);
				MARKETING_VERSION = 1.0;
				PRODUCT_BUNDLE_IDENTIFIER = com.loay.Tracker;
				PRODUCT_NAME = "$(TARGET_NAME)";
				SWIFT_EMIT_LOC_STRINGS = YES;
				SWIFT_VERSION = 5.0;
				TARGETED_DEVICE_FAMILY = 1;
			};
			name = Debug;
		};
		C6150E4427CF8FB2002DCCC7 /* Release */ = {
			isa = XCBuildConfiguration;
			buildSettings = {
				ASSETCATALOG_COMPILER_APPICON_NAME = AppIcon;
				ASSETCATALOG_COMPILER_GLOBAL_ACCENT_COLOR_NAME = AccentColor;
				CODE_SIGN_STYLE = Automatic;
				CURRENT_PROJECT_VERSION = 1;
				DEVELOPMENT_TEAM = Z3SPAA69G7;
				GENERATE_INFOPLIST_FILE = NO;
				INFOPLIST_FILE = "$(SRCROOT)/Tracker/Resources/Info.plist";
				INFOPLIST_KEY_UIApplicationSupportsIndirectInputEvents = YES;
				INFOPLIST_KEY_UILaunchStoryboardName = LaunchScreen;
				INFOPLIST_KEY_UIMainStoryboardFile = Main;
				INFOPLIST_KEY_UISupportedInterfaceOrientations_iPad = "UIInterfaceOrientationPortrait UIInterfaceOrientationPortraitUpsideDown UIInterfaceOrientationLandscapeLeft UIInterfaceOrientationLandscapeRight";
				INFOPLIST_KEY_UISupportedInterfaceOrientations_iPhone = "UIInterfaceOrientationPortrait UIInterfaceOrientationLandscapeLeft UIInterfaceOrientationLandscapeRight";
				IPHONEOS_DEPLOYMENT_TARGET = 13.0;
				LD_RUNPATH_SEARCH_PATHS = (
					"$(inherited)",
					"@executable_path/Frameworks",
				);
				MARKETING_VERSION = 1.0;
				PRODUCT_BUNDLE_IDENTIFIER = com.loay.Tracker;
				PRODUCT_NAME = "$(TARGET_NAME)";
				SWIFT_EMIT_LOC_STRINGS = YES;
				SWIFT_VERSION = 5.0;
				TARGETED_DEVICE_FAMILY = 1;
			};
			name = Release;
		};
/* End XCBuildConfiguration section */

/* Begin XCConfigurationList section */
		C6150E2927CF8FB0002DCCC7 /* Build configuration list for PBXProject "Tracker" */ = {
			isa = XCConfigurationList;
			buildConfigurations = (
				C6150E4027CF8FB2002DCCC7 /* Debug */,
				C6150E4127CF8FB2002DCCC7 /* Release */,
			);
			defaultConfigurationIsVisible = 0;
			defaultConfigurationName = Release;
		};
		C6150E4227CF8FB2002DCCC7 /* Build configuration list for PBXNativeTarget "Tracker" */ = {
			isa = XCConfigurationList;
			buildConfigurations = (
				C6150E4327CF8FB2002DCCC7 /* Debug */,
				C6150E4427CF8FB2002DCCC7 /* Release */,
			);
			defaultConfigurationIsVisible = 0;
			defaultConfigurationName = Release;
		};
/* End XCConfigurationList section */
	};
	rootObject = C6150E2627CF8FB0002DCCC7 /* Project object */;
}
