// !$*UTF8*$!
{
	archiveVersion = 1;
	classes = {
	};
	objectVersion = 53;
	objects = {

/* Begin PBXBuildFile section */
		0967A838C77386D3E65F594D /* Pods_Tracker.framework in Frameworks */ = {isa = PBXBuildFile; fileRef = 321494BA9AC00DCA198DCFB7 /* Pods_Tracker.framework */; };
		C613108927CF9EB100245A04 /* HomeViewController.swift in Sources */ = {isa = PBXBuildFile; fileRef = C613108827CF9EB100245A04 /* HomeViewController.swift */; };
		C6150E3227CF8FB0002DCCC7 /* AppDelegate.swift in Sources */ = {isa = PBXBuildFile; fileRef = C6150E3127CF8FB0002DCCC7 /* AppDelegate.swift */; };
		C6150E3427CF8FB0002DCCC7 /* SceneDelegate.swift in Sources */ = {isa = PBXBuildFile; fileRef = C6150E3327CF8FB0002DCCC7 /* SceneDelegate.swift */; };
		C6150E3927CF8FB0002DCCC7 /* Main.storyboard in Resources */ = {isa = PBXBuildFile; fileRef = C6150E3727CF8FB0002DCCC7 /* Main.storyboard */; };
		C6150E3B27CF8FB2002DCCC7 /* Assets.xcassets in Resources */ = {isa = PBXBuildFile; fileRef = C6150E3A27CF8FB2002DCCC7 /* Assets.xcassets */; };
		C6150E3E27CF8FB2002DCCC7 /* LaunchScreen.storyboard in Resources */ = {isa = PBXBuildFile; fileRef = C6150E3C27CF8FB2002DCCC7 /* LaunchScreen.storyboard */; };
		C621F89627D34FD8004B2169 /* HistoryManager.swift in Sources */ = {isa = PBXBuildFile; fileRef = C621F89527D34FD8004B2169 /* HistoryManager.swift */; };
		C621F89927D351B1004B2169 /* Location.swift in Sources */ = {isa = PBXBuildFile; fileRef = C621F89827D351B1004B2169 /* Location.swift */; };
		C621F89B27D35DEF004B2169 /* HistoryLogicController.swift in Sources */ = {isa = PBXBuildFile; fileRef = C621F89A27D35DEF004B2169 /* HistoryLogicController.swift */; };
		C621F89D27D369A5004B2169 /* HistoryViewModel.swift in Sources */ = {isa = PBXBuildFile; fileRef = C621F89C27D369A5004B2169 /* HistoryViewModel.swift */; };
		C621F8A227D374D1004B2169 /* HistoryViewController.swift in Sources */ = {isa = PBXBuildFile; fileRef = C621F8A127D374D1004B2169 /* HistoryViewController.swift */; };
		C621F8A427D37728004B2169 /* HistoryDataSource.swift in Sources */ = {isa = PBXBuildFile; fileRef = C621F8A327D37728004B2169 /* HistoryDataSource.swift */; };
		C621F8A627D37794004B2169 /* HistoryCellConfigurator.swift in Sources */ = {isa = PBXBuildFile; fileRef = C621F8A527D37794004B2169 /* HistoryCellConfigurator.swift */; };
		C621F8AD27D37B48004B2169 /* HistoryCell.swift in Sources */ = {isa = PBXBuildFile; fileRef = C621F8AB27D37B48004B2169 /* HistoryCell.swift */; };
		C621F8AE27D37B48004B2169 /* HistoryCell.xib in Resources */ = {isa = PBXBuildFile; fileRef = C621F8AC27D37B48004B2169 /* HistoryCell.xib */; };
		C621F8B027D38988004B2169 /* HistoryModel.swift in Sources */ = {isa = PBXBuildFile; fileRef = C621F8AF27D38988004B2169 /* HistoryModel.swift */; };
		C621F8B227D3B31D004B2169 /* HistoryDelegate.swift in Sources */ = {isa = PBXBuildFile; fileRef = C621F8B127D3B31D004B2169 /* HistoryDelegate.swift */; };
		C674086D27D4F445001F3F01 /* TableViewEditResponder.swift in Sources */ = {isa = PBXBuildFile; fileRef = C674086C27D4F445001F3F01 /* TableViewEditResponder.swift */; };
		C674086F27D4F479001F3F01 /* HistoryTapResponder.swift in Sources */ = {isa = PBXBuildFile; fileRef = C674086E27D4F479001F3F01 /* HistoryTapResponder.swift */; };
		C674087127D4F488001F3F01 /* HistoryEditResponder.swift in Sources */ = {isa = PBXBuildFile; fileRef = C674087027D4F488001F3F01 /* HistoryEditResponder.swift */; };
		C674087327D50376001F3F01 /* HistoryDetailViewController.swift in Sources */ = {isa = PBXBuildFile; fileRef = C674087227D50376001F3F01 /* HistoryDetailViewController.swift */; };
		C69C741327D1ED040011EA8A /* LocationTypes.swift in Sources */ = {isa = PBXBuildFile; fileRef = C69C741227D1ED040011EA8A /* LocationTypes.swift */; };
		C69C741527D1ED5A0011EA8A /* NotificationTypes.swift in Sources */ = {isa = PBXBuildFile; fileRef = C69C741427D1ED5A0011EA8A /* NotificationTypes.swift */; };
		C6D87B8227CFDEF00027880C /* LocationManager.swift in Sources */ = {isa = PBXBuildFile; fileRef = C6D87B8127CFDEF00027880C /* LocationManager.swift */; };
		C6D87B8527D008020027880C /* NotificationManager.swift in Sources */ = {isa = PBXBuildFile; fileRef = C6D87B8427D008020027880C /* NotificationManager.swift */; };
		C6D898DC27D0A6990005353D /* HomeLogicController.swift in Sources */ = {isa = PBXBuildFile; fileRef = C6D898DB27D0A6990005353D /* HomeLogicController.swift */; };
		C6D898DE27D0A8120005353D /* HomeViewModel.swift in Sources */ = {isa = PBXBuildFile; fileRef = C6D898DD27D0A8120005353D /* HomeViewModel.swift */; };
		C6D898E127D0E0ED0005353D /* SplashViewController.swift in Sources */ = {isa = PBXBuildFile; fileRef = C6D898E027D0E0ED0005353D /* SplashViewController.swift */; };
		C6DCBCD927CF954100AE991B /* DataPersistenceCollectionViewModel.swift in Sources */ = {isa = PBXBuildFile; fileRef = C6DCBC4D27CF954000AE991B /* DataPersistenceCollectionViewModel.swift */; };
		C6DCBCDA27CF954100AE991B /* DataPersistenceViewModel.swift in Sources */ = {isa = PBXBuildFile; fileRef = C6DCBC4F27CF954000AE991B /* DataPersistenceViewModel.swift */; };
		C6DCBCDC27CF954100AE991B /* CellViewModel.swift in Sources */ = {isa = PBXBuildFile; fileRef = C6DCBC5127CF954000AE991B /* CellViewModel.swift */; };
		C6DCBCDF27CF954100AE991B /* ModelProtocols.swift in Sources */ = {isa = PBXBuildFile; fileRef = C6DCBC5827CF954100AE991B /* ModelProtocols.swift */; };
		C6DCBCE027CF954100AE991B /* Constants.swift in Sources */ = {isa = PBXBuildFile; fileRef = C6DCBC5A27CF954100AE991B /* Constants.swift */; };
		C6DCBCE227CF954100AE991B /* FoundationExtensions.swift in Sources */ = {isa = PBXBuildFile; fileRef = C6DCBC5F27CF954100AE991B /* FoundationExtensions.swift */; };
		C6DCBCE327CF954100AE991B /* DataPersistenceLogicController.swift in Sources */ = {isa = PBXBuildFile; fileRef = C6DCBC6127CF954100AE991B /* DataPersistenceLogicController.swift */; };
		C6DCBCE527CF954100AE991B /* FoundationTypes.swift in Sources */ = {isa = PBXBuildFile; fileRef = C6DCBC6327CF954100AE991B /* FoundationTypes.swift */; };
		C6DCBCE627CF954100AE991B /* DataManager.swift in Sources */ = {isa = PBXBuildFile; fileRef = C6DCBC6527CF954100AE991B /* DataManager.swift */; };
		C6DCBCE727CF954100AE991B /* FileManagerPersistenceProvider.swift in Sources */ = {isa = PBXBuildFile; fileRef = C6DCBC6727CF954100AE991B /* FileManagerPersistenceProvider.swift */; };
		C6DCBCE827CF954100AE991B /* BundlePersistenceProvider.swift in Sources */ = {isa = PBXBuildFile; fileRef = C6DCBC6827CF954100AE991B /* BundlePersistenceProvider.swift */; };
		C6DCBCE927CF954100AE991B /* UserDefaultsPersistenceProvider.swift in Sources */ = {isa = PBXBuildFile; fileRef = C6DCBC6927CF954100AE991B /* UserDefaultsPersistenceProvider.swift */; };
		C6DCBCEA27CF954100AE991B /* RealmPersistenceProvider.swift in Sources */ = {isa = PBXBuildFile; fileRef = C6DCBC6A27CF954100AE991B /* RealmPersistenceProvider.swift */; };
		C6DCBCEB27CF954100AE991B /* DataProtocols.swift in Sources */ = {isa = PBXBuildFile; fileRef = C6DCBC6B27CF954100AE991B /* DataProtocols.swift */; };
		C6DCBCEC27CF954100AE991B /* DataTypes.swift in Sources */ = {isa = PBXBuildFile; fileRef = C6DCBC6C27CF954100AE991B /* DataTypes.swift */; };
		C6DCBCED27CF954100AE991B /* StoryboardableViewController.swift in Sources */ = {isa = PBXBuildFile; fileRef = C6DCBC6F27CF954100AE991B /* StoryboardableViewController.swift */; };
		C6DCBCEE27CF954100AE991B /* AdaptableSizeButton.swift in Sources */ = {isa = PBXBuildFile; fileRef = C6DCBC7327CF954100AE991B /* AdaptableSizeButton.swift */; };
		C6DCBCF127CF954100AE991B /* InterfaceBuilderCollectionViewCell.swift in Sources */ = {isa = PBXBuildFile; fileRef = C6DCBC7A27CF954100AE991B /* InterfaceBuilderCollectionViewCell.swift */; };
		C6DCBCF227CF954100AE991B /* CollectionViewContextMenuConfigurator.swift in Sources */ = {isa = PBXBuildFile; fileRef = C6DCBC7C27CF954100AE991B /* CollectionViewContextMenuConfigurator.swift */; };
		C6DCBCF327CF954100AE991B /* CollectionViewDataSource.swift in Sources */ = {isa = PBXBuildFile; fileRef = C6DCBC7D27CF954100AE991B /* CollectionViewDataSource.swift */; };
		C6DCBCF427CF954100AE991B /* CollectionViewCellConfigurator.swift in Sources */ = {isa = PBXBuildFile; fileRef = C6DCBC7E27CF954100AE991B /* CollectionViewCellConfigurator.swift */; };
		C6DCBCF527CF954100AE991B /* CollectionViewDelegate.swift in Sources */ = {isa = PBXBuildFile; fileRef = C6DCBC7F27CF954100AE991B /* CollectionViewDelegate.swift */; };
		C6DCBCF627CF954100AE991B /* CollectionViewTapResponder.swift in Sources */ = {isa = PBXBuildFile; fileRef = C6DCBC8027CF954100AE991B /* CollectionViewTapResponder.swift */; };
		C6DCBCF727CF954100AE991B /* CollectionView.swift in Sources */ = {isa = PBXBuildFile; fileRef = C6DCBC8227CF954100AE991B /* CollectionView.swift */; };
		C6DCBCF827CF954100AE991B /* CollectionViewCell.swift in Sources */ = {isa = PBXBuildFile; fileRef = C6DCBC8327CF954100AE991B /* CollectionViewCell.swift */; };
		C6DCBD0827CF954100AE991B /* UIKitExtensions.swift in Sources */ = {isa = PBXBuildFile; fileRef = C6DCBC9D27CF954100AE991B /* UIKitExtensions.swift */; };
		C6DCBD0927CF954100AE991B /* FooterActivityIndicatorView.xib in Resources */ = {isa = PBXBuildFile; fileRef = C6DCBCA027CF954100AE991B /* FooterActivityIndicatorView.xib */; };
		C6DCBD0A27CF954100AE991B /* ActivityIndicatorView.xib in Resources */ = {isa = PBXBuildFile; fileRef = C6DCBCA127CF954100AE991B /* ActivityIndicatorView.xib */; };
		C6DCBD0B27CF954100AE991B /* FooterActivityIndicatorView.swift in Sources */ = {isa = PBXBuildFile; fileRef = C6DCBCA227CF954100AE991B /* FooterActivityIndicatorView.swift */; };
		C6DCBD0C27CF954100AE991B /* ActivityIndicatorView.swift in Sources */ = {isa = PBXBuildFile; fileRef = C6DCBCA327CF954100AE991B /* ActivityIndicatorView.swift */; };
		C6DCBD0F27CF954100AE991B /* DPSFDynamicCollectionViewController.swift in Sources */ = {isa = PBXBuildFile; fileRef = C6DCBCAA27CF954100AE991B /* DPSFDynamicCollectionViewController.swift */; };
		C6DCBD1027CF954100AE991B /* DPSFDynamicCollectionView.swift in Sources */ = {isa = PBXBuildFile; fileRef = C6DCBCAB27CF954100AE991B /* DPSFDynamicCollectionView.swift */; };
		C6DCBD1227CF954100AE991B /* StatefulViewTypes.swift in Sources */ = {isa = PBXBuildFile; fileRef = C6DCBCAE27CF954100AE991B /* StatefulViewTypes.swift */; };
		C6DCBD1327CF954100AE991B /* StatefulViewProtocols.swift in Sources */ = {isa = PBXBuildFile; fileRef = C6DCBCAF27CF954100AE991B /* StatefulViewProtocols.swift */; };
		C6DCBD1E27CF954100AE991B /* DPSFViewController.swift in Sources */ = {isa = PBXBuildFile; fileRef = C6DCBCC427CF954100AE991B /* DPSFViewController.swift */; };
		C6DCBD1F27CF954100AE991B /* DPSFView.swift in Sources */ = {isa = PBXBuildFile; fileRef = C6DCBCC527CF954100AE991B /* DPSFView.swift */; };
		C6DCBD2527CF954100AE991B /* ErrorView.xib in Resources */ = {isa = PBXBuildFile; fileRef = C6DCBCCE27CF954100AE991B /* ErrorView.xib */; };
		C6DCBD2627CF954100AE991B /* FooterErrorView.xib in Resources */ = {isa = PBXBuildFile; fileRef = C6DCBCD027CF954100AE991B /* FooterErrorView.xib */; };
		C6DCBD2727CF954100AE991B /* FooterErrorView.swift in Sources */ = {isa = PBXBuildFile; fileRef = C6DCBCD127CF954100AE991B /* FooterErrorView.swift */; };
		C6DCBD2827CF954100AE991B /* ErrorView.swift in Sources */ = {isa = PBXBuildFile; fileRef = C6DCBCD227CF954100AE991B /* ErrorView.swift */; };
		C6DCBD2927CF954100AE991B /* ErrorViewTypes.swift in Sources */ = {isa = PBXBuildFile; fileRef = C6DCBCD327CF954100AE991B /* ErrorViewTypes.swift */; };
		C6DCBD2A27CF954100AE991B /* EmptyView.xib in Resources */ = {isa = PBXBuildFile; fileRef = C6DCBCD527CF954100AE991B /* EmptyView.xib */; };
		C6DCBD2B27CF954100AE991B /* EmptyView.swift in Sources */ = {isa = PBXBuildFile; fileRef = C6DCBCD627CF954100AE991B /* EmptyView.swift */; };
		C6DCBD2C27CF954100AE991B /* EmptyViewTypes.swift in Sources */ = {isa = PBXBuildFile; fileRef = C6DCBCD727CF954100AE991B /* EmptyViewTypes.swift */; };
		C6DCBD3527CF9A9300AE991B /* URLHelper.swift in Sources */ = {isa = PBXBuildFile; fileRef = C6DCBD2F27CF9A9300AE991B /* URLHelper.swift */; };
		C6DCBD3627CF9A9300AE991B /* NavigationRouter.swift in Sources */ = {isa = PBXBuildFile; fileRef = C6DCBD3127CF9A9300AE991B /* NavigationRouter.swift */; };
		C6DCBD3727CF9A9300AE991B /* AlertHelper.swift in Sources */ = {isa = PBXBuildFile; fileRef = C6DCBD3327CF9A9300AE991B /* AlertHelper.swift */; };
		C6DCBD3827CF9A9300AE991B /* AlertTypes.swift in Sources */ = {isa = PBXBuildFile; fileRef = C6DCBD3427CF9A9300AE991B /* AlertTypes.swift */; };
		C6FD87BC27D47638006073F0 /* DataPersistenceTableViewModel.swift in Sources */ = {isa = PBXBuildFile; fileRef = C6FD87BA27D47638006073F0 /* DataPersistenceTableViewModel.swift */; };
		C6FD87D027D4765D006073F0 /* DPSFDynamicTableView.swift in Sources */ = {isa = PBXBuildFile; fileRef = C6FD87C727D4765D006073F0 /* DPSFDynamicTableView.swift */; };
		C6FD87D127D4765D006073F0 /* DPSFDynamicTableViewController.swift in Sources */ = {isa = PBXBuildFile; fileRef = C6FD87C827D4765D006073F0 /* DPSFDynamicTableViewController.swift */; };
		C6FD87D227D4765D006073F0 /* DPSFStaticTableViewController.swift in Sources */ = {isa = PBXBuildFile; fileRef = C6FD87CA27D4765D006073F0 /* DPSFStaticTableViewController.swift */; };
		C6FD87D327D4765D006073F0 /* DPSFStaticTableView.swift in Sources */ = {isa = PBXBuildFile; fileRef = C6FD87CB27D4765D006073F0 /* DPSFStaticTableView.swift */; };
		C6FD87E627D4768F006073F0 /* InterfaceBuilderTableViewCell.swift in Sources */ = {isa = PBXBuildFile; fileRef = C6FD87D927D4768F006073F0 /* InterfaceBuilderTableViewCell.swift */; };
		C6FD87E727D4768F006073F0 /* TableViewContextMenuConfigurator.swift in Sources */ = {isa = PBXBuildFile; fileRef = C6FD87DB27D4768F006073F0 /* TableViewContextMenuConfigurator.swift */; };
		C6FD87E827D4768F006073F0 /* TableViewTapResponder.swift in Sources */ = {isa = PBXBuildFile; fileRef = C6FD87DC27D4768F006073F0 /* TableViewTapResponder.swift */; };
		C6FD87E927D4768F006073F0 /* TableViewDataSource.swift in Sources */ = {isa = PBXBuildFile; fileRef = C6FD87DD27D4768F006073F0 /* TableViewDataSource.swift */; };
		C6FD87EA27D4768F006073F0 /* TableViewSwipeResponder.swift in Sources */ = {isa = PBXBuildFile; fileRef = C6FD87DE27D4768F006073F0 /* TableViewSwipeResponder.swift */; };
		C6FD87EB27D4768F006073F0 /* TableViewDelegate.swift in Sources */ = {isa = PBXBuildFile; fileRef = C6FD87DF27D4768F006073F0 /* TableViewDelegate.swift */; };
		C6FD87EC27D4768F006073F0 /* TableViewCellConfigurator.swift in Sources */ = {isa = PBXBuildFile; fileRef = C6FD87E027D4768F006073F0 /* TableViewCellConfigurator.swift */; };
		C6FD87ED27D4768F006073F0 /* TableViewCell.swift in Sources */ = {isa = PBXBuildFile; fileRef = C6FD87E227D4768F006073F0 /* TableViewCell.swift */; };
		C6FD87EE27D4768F006073F0 /* TableView.swift in Sources */ = {isa = PBXBuildFile; fileRef = C6FD87E327D4768F006073F0 /* TableView.swift */; };
/* End PBXBuildFile section */

/* Begin PBXFileReference section */
		321494BA9AC00DCA198DCFB7 /* Pods_Tracker.framework */ = {isa = PBXFileReference; explicitFileType = wrapper.framework; includeInIndex = 0; path = Pods_Tracker.framework; sourceTree = BUILT_PRODUCTS_DIR; };
		A142A6BC14E6CE173D7795BC /* Pods-Tracker.release.xcconfig */ = {isa = PBXFileReference; includeInIndex = 1; lastKnownFileType = text.xcconfig; name = "Pods-Tracker.release.xcconfig"; path = "Target Support Files/Pods-Tracker/Pods-Tracker.release.xcconfig"; sourceTree = "<group>"; };
		BE8FDE8E1F22BD20F2E877BA /* Pods-Tracker.debug.xcconfig */ = {isa = PBXFileReference; includeInIndex = 1; lastKnownFileType = text.xcconfig; name = "Pods-Tracker.debug.xcconfig"; path = "Target Support Files/Pods-Tracker/Pods-Tracker.debug.xcconfig"; sourceTree = "<group>"; };
		C613108827CF9EB100245A04 /* HomeViewController.swift */ = {isa = PBXFileReference; lastKnownFileType = sourcecode.swift; path = HomeViewController.swift; sourceTree = "<group>"; };
		C613108A27CFB01F00245A04 /* Info.plist */ = {isa = PBXFileReference; fileEncoding = 4; lastKnownFileType = text.plist.xml; path = Info.plist; sourceTree = "<group>"; };
		C6150E2E27CF8FB0002DCCC7 /* Tracker.app */ = {isa = PBXFileReference; explicitFileType = wrapper.application; includeInIndex = 0; path = Tracker.app; sourceTree = BUILT_PRODUCTS_DIR; };
		C6150E3127CF8FB0002DCCC7 /* AppDelegate.swift */ = {isa = PBXFileReference; lastKnownFileType = sourcecode.swift; path = AppDelegate.swift; sourceTree = "<group>"; };
		C6150E3327CF8FB0002DCCC7 /* SceneDelegate.swift */ = {isa = PBXFileReference; lastKnownFileType = sourcecode.swift; path = SceneDelegate.swift; sourceTree = "<group>"; };
		C6150E3827CF8FB0002DCCC7 /* Base */ = {isa = PBXFileReference; lastKnownFileType = file.storyboard; name = Base; path = Base.lproj/Main.storyboard; sourceTree = "<group>"; };
		C6150E3A27CF8FB2002DCCC7 /* Assets.xcassets */ = {isa = PBXFileReference; lastKnownFileType = folder.assetcatalog; path = Assets.xcassets; sourceTree = "<group>"; };
		C6150E3D27CF8FB2002DCCC7 /* Base */ = {isa = PBXFileReference; lastKnownFileType = file.storyboard; name = Base; path = Base.lproj/LaunchScreen.storyboard; sourceTree = "<group>"; };
		C621F89527D34FD8004B2169 /* HistoryManager.swift */ = {isa = PBXFileReference; lastKnownFileType = sourcecode.swift; path = HistoryManager.swift; sourceTree = "<group>"; };
		C621F89827D351B1004B2169 /* Location.swift */ = {isa = PBXFileReference; lastKnownFileType = sourcecode.swift; path = Location.swift; sourceTree = "<group>"; };
		C621F89A27D35DEF004B2169 /* HistoryLogicController.swift */ = {isa = PBXFileReference; lastKnownFileType = sourcecode.swift; path = HistoryLogicController.swift; sourceTree = "<group>"; };
		C621F89C27D369A5004B2169 /* HistoryViewModel.swift */ = {isa = PBXFileReference; lastKnownFileType = sourcecode.swift; path = HistoryViewModel.swift; sourceTree = "<group>"; };
		C621F8A127D374D1004B2169 /* HistoryViewController.swift */ = {isa = PBXFileReference; lastKnownFileType = sourcecode.swift; path = HistoryViewController.swift; sourceTree = "<group>"; };
		C621F8A327D37728004B2169 /* HistoryDataSource.swift */ = {isa = PBXFileReference; lastKnownFileType = sourcecode.swift; path = HistoryDataSource.swift; sourceTree = "<group>"; };
		C621F8A527D37794004B2169 /* HistoryCellConfigurator.swift */ = {isa = PBXFileReference; lastKnownFileType = sourcecode.swift; path = HistoryCellConfigurator.swift; sourceTree = "<group>"; };
		C621F8AB27D37B48004B2169 /* HistoryCell.swift */ = {isa = PBXFileReference; lastKnownFileType = sourcecode.swift; path = HistoryCell.swift; sourceTree = "<group>"; };
		C621F8AC27D37B48004B2169 /* HistoryCell.xib */ = {isa = PBXFileReference; lastKnownFileType = file.xib; path = HistoryCell.xib; sourceTree = "<group>"; };
		C621F8AF27D38988004B2169 /* HistoryModel.swift */ = {isa = PBXFileReference; lastKnownFileType = sourcecode.swift; path = HistoryModel.swift; sourceTree = "<group>"; };
		C621F8B127D3B31D004B2169 /* HistoryDelegate.swift */ = {isa = PBXFileReference; lastKnownFileType = sourcecode.swift; path = HistoryDelegate.swift; sourceTree = "<group>"; };
		C674086C27D4F445001F3F01 /* TableViewEditResponder.swift */ = {isa = PBXFileReference; lastKnownFileType = sourcecode.swift; path = TableViewEditResponder.swift; sourceTree = "<group>"; };
		C674086E27D4F479001F3F01 /* HistoryTapResponder.swift */ = {isa = PBXFileReference; lastKnownFileType = sourcecode.swift; path = HistoryTapResponder.swift; sourceTree = "<group>"; };
		C674087027D4F488001F3F01 /* HistoryEditResponder.swift */ = {isa = PBXFileReference; lastKnownFileType = sourcecode.swift; path = HistoryEditResponder.swift; sourceTree = "<group>"; };
		C674087227D50376001F3F01 /* HistoryDetailViewController.swift */ = {isa = PBXFileReference; lastKnownFileType = sourcecode.swift; path = HistoryDetailViewController.swift; sourceTree = "<group>"; };
		C69C741227D1ED040011EA8A /* LocationTypes.swift */ = {isa = PBXFileReference; lastKnownFileType = sourcecode.swift; path = LocationTypes.swift; sourceTree = "<group>"; };
		C69C741427D1ED5A0011EA8A /* NotificationTypes.swift */ = {isa = PBXFileReference; lastKnownFileType = sourcecode.swift; path = NotificationTypes.swift; sourceTree = "<group>"; };
		C6D87B8127CFDEF00027880C /* LocationManager.swift */ = {isa = PBXFileReference; lastKnownFileType = sourcecode.swift; path = LocationManager.swift; sourceTree = "<group>"; };
		C6D87B8427D008020027880C /* NotificationManager.swift */ = {isa = PBXFileReference; lastKnownFileType = sourcecode.swift; path = NotificationManager.swift; sourceTree = "<group>"; };
		C6D898DB27D0A6990005353D /* HomeLogicController.swift */ = {isa = PBXFileReference; lastKnownFileType = sourcecode.swift; path = HomeLogicController.swift; sourceTree = "<group>"; };
		C6D898DD27D0A8120005353D /* HomeViewModel.swift */ = {isa = PBXFileReference; lastKnownFileType = sourcecode.swift; path = HomeViewModel.swift; sourceTree = "<group>"; };
		C6D898E027D0E0ED0005353D /* SplashViewController.swift */ = {isa = PBXFileReference; lastKnownFileType = sourcecode.swift; path = SplashViewController.swift; sourceTree = "<group>"; };
		C6DCBC4D27CF954000AE991B /* DataPersistenceCollectionViewModel.swift */ = {isa = PBXFileReference; fileEncoding = 4; lastKnownFileType = sourcecode.swift; path = DataPersistenceCollectionViewModel.swift; sourceTree = "<group>"; };
		C6DCBC4F27CF954000AE991B /* DataPersistenceViewModel.swift */ = {isa = PBXFileReference; fileEncoding = 4; lastKnownFileType = sourcecode.swift; path = DataPersistenceViewModel.swift; sourceTree = "<group>"; };
		C6DCBC5127CF954000AE991B /* CellViewModel.swift */ = {isa = PBXFileReference; fileEncoding = 4; lastKnownFileType = sourcecode.swift; path = CellViewModel.swift; sourceTree = "<group>"; };
		C6DCBC5827CF954100AE991B /* ModelProtocols.swift */ = {isa = PBXFileReference; fileEncoding = 4; lastKnownFileType = sourcecode.swift; path = ModelProtocols.swift; sourceTree = "<group>"; };
		C6DCBC5A27CF954100AE991B /* Constants.swift */ = {isa = PBXFileReference; fileEncoding = 4; lastKnownFileType = sourcecode.swift; path = Constants.swift; sourceTree = "<group>"; };
		C6DCBC5F27CF954100AE991B /* FoundationExtensions.swift */ = {isa = PBXFileReference; fileEncoding = 4; lastKnownFileType = sourcecode.swift; path = FoundationExtensions.swift; sourceTree = "<group>"; };
		C6DCBC6127CF954100AE991B /* DataPersistenceLogicController.swift */ = {isa = PBXFileReference; fileEncoding = 4; lastKnownFileType = sourcecode.swift; path = DataPersistenceLogicController.swift; sourceTree = "<group>"; };
		C6DCBC6327CF954100AE991B /* FoundationTypes.swift */ = {isa = PBXFileReference; fileEncoding = 4; lastKnownFileType = sourcecode.swift; path = FoundationTypes.swift; sourceTree = "<group>"; };
		C6DCBC6527CF954100AE991B /* DataManager.swift */ = {isa = PBXFileReference; fileEncoding = 4; lastKnownFileType = sourcecode.swift; path = DataManager.swift; sourceTree = "<group>"; };
		C6DCBC6727CF954100AE991B /* FileManagerPersistenceProvider.swift */ = {isa = PBXFileReference; fileEncoding = 4; lastKnownFileType = sourcecode.swift; path = FileManagerPersistenceProvider.swift; sourceTree = "<group>"; };
		C6DCBC6827CF954100AE991B /* BundlePersistenceProvider.swift */ = {isa = PBXFileReference; fileEncoding = 4; lastKnownFileType = sourcecode.swift; path = BundlePersistenceProvider.swift; sourceTree = "<group>"; };
		C6DCBC6927CF954100AE991B /* UserDefaultsPersistenceProvider.swift */ = {isa = PBXFileReference; fileEncoding = 4; lastKnownFileType = sourcecode.swift; path = UserDefaultsPersistenceProvider.swift; sourceTree = "<group>"; };
		C6DCBC6A27CF954100AE991B /* RealmPersistenceProvider.swift */ = {isa = PBXFileReference; fileEncoding = 4; lastKnownFileType = sourcecode.swift; path = RealmPersistenceProvider.swift; sourceTree = "<group>"; };
		C6DCBC6B27CF954100AE991B /* DataProtocols.swift */ = {isa = PBXFileReference; fileEncoding = 4; lastKnownFileType = sourcecode.swift; path = DataProtocols.swift; sourceTree = "<group>"; };
		C6DCBC6C27CF954100AE991B /* DataTypes.swift */ = {isa = PBXFileReference; fileEncoding = 4; lastKnownFileType = sourcecode.swift; path = DataTypes.swift; sourceTree = "<group>"; };
		C6DCBC6F27CF954100AE991B /* StoryboardableViewController.swift */ = {isa = PBXFileReference; fileEncoding = 4; lastKnownFileType = sourcecode.swift; path = StoryboardableViewController.swift; sourceTree = "<group>"; };
		C6DCBC7327CF954100AE991B /* AdaptableSizeButton.swift */ = {isa = PBXFileReference; fileEncoding = 4; lastKnownFileType = sourcecode.swift; path = AdaptableSizeButton.swift; sourceTree = "<group>"; };
		C6DCBC7A27CF954100AE991B /* InterfaceBuilderCollectionViewCell.swift */ = {isa = PBXFileReference; fileEncoding = 4; lastKnownFileType = sourcecode.swift; path = InterfaceBuilderCollectionViewCell.swift; sourceTree = "<group>"; };
		C6DCBC7C27CF954100AE991B /* CollectionViewContextMenuConfigurator.swift */ = {isa = PBXFileReference; fileEncoding = 4; lastKnownFileType = sourcecode.swift; path = CollectionViewContextMenuConfigurator.swift; sourceTree = "<group>"; };
		C6DCBC7D27CF954100AE991B /* CollectionViewDataSource.swift */ = {isa = PBXFileReference; fileEncoding = 4; lastKnownFileType = sourcecode.swift; path = CollectionViewDataSource.swift; sourceTree = "<group>"; };
		C6DCBC7E27CF954100AE991B /* CollectionViewCellConfigurator.swift */ = {isa = PBXFileReference; fileEncoding = 4; lastKnownFileType = sourcecode.swift; path = CollectionViewCellConfigurator.swift; sourceTree = "<group>"; };
		C6DCBC7F27CF954100AE991B /* CollectionViewDelegate.swift */ = {isa = PBXFileReference; fileEncoding = 4; lastKnownFileType = sourcecode.swift; path = CollectionViewDelegate.swift; sourceTree = "<group>"; };
		C6DCBC8027CF954100AE991B /* CollectionViewTapResponder.swift */ = {isa = PBXFileReference; fileEncoding = 4; lastKnownFileType = sourcecode.swift; path = CollectionViewTapResponder.swift; sourceTree = "<group>"; };
		C6DCBC8227CF954100AE991B /* CollectionView.swift */ = {isa = PBXFileReference; fileEncoding = 4; lastKnownFileType = sourcecode.swift; path = CollectionView.swift; sourceTree = "<group>"; };
		C6DCBC8327CF954100AE991B /* CollectionViewCell.swift */ = {isa = PBXFileReference; fileEncoding = 4; lastKnownFileType = sourcecode.swift; path = CollectionViewCell.swift; sourceTree = "<group>"; };
		C6DCBC9D27CF954100AE991B /* UIKitExtensions.swift */ = {isa = PBXFileReference; fileEncoding = 4; lastKnownFileType = sourcecode.swift; path = UIKitExtensions.swift; sourceTree = "<group>"; };
		C6DCBCA027CF954100AE991B /* FooterActivityIndicatorView.xib */ = {isa = PBXFileReference; fileEncoding = 4; lastKnownFileType = file.xib; path = FooterActivityIndicatorView.xib; sourceTree = "<group>"; };
		C6DCBCA127CF954100AE991B /* ActivityIndicatorView.xib */ = {isa = PBXFileReference; fileEncoding = 4; lastKnownFileType = file.xib; path = ActivityIndicatorView.xib; sourceTree = "<group>"; };
		C6DCBCA227CF954100AE991B /* FooterActivityIndicatorView.swift */ = {isa = PBXFileReference; fileEncoding = 4; lastKnownFileType = sourcecode.swift; path = FooterActivityIndicatorView.swift; sourceTree = "<group>"; };
		C6DCBCA327CF954100AE991B /* ActivityIndicatorView.swift */ = {isa = PBXFileReference; fileEncoding = 4; lastKnownFileType = sourcecode.swift; path = ActivityIndicatorView.swift; sourceTree = "<group>"; };
		C6DCBCAA27CF954100AE991B /* DPSFDynamicCollectionViewController.swift */ = {isa = PBXFileReference; fileEncoding = 4; lastKnownFileType = sourcecode.swift; path = DPSFDynamicCollectionViewController.swift; sourceTree = "<group>"; };
		C6DCBCAB27CF954100AE991B /* DPSFDynamicCollectionView.swift */ = {isa = PBXFileReference; fileEncoding = 4; lastKnownFileType = sourcecode.swift; path = DPSFDynamicCollectionView.swift; sourceTree = "<group>"; };
		C6DCBCAE27CF954100AE991B /* StatefulViewTypes.swift */ = {isa = PBXFileReference; fileEncoding = 4; lastKnownFileType = sourcecode.swift; path = StatefulViewTypes.swift; sourceTree = "<group>"; };
		C6DCBCAF27CF954100AE991B /* StatefulViewProtocols.swift */ = {isa = PBXFileReference; fileEncoding = 4; lastKnownFileType = sourcecode.swift; path = StatefulViewProtocols.swift; sourceTree = "<group>"; };
		C6DCBCC427CF954100AE991B /* DPSFViewController.swift */ = {isa = PBXFileReference; fileEncoding = 4; lastKnownFileType = sourcecode.swift; path = DPSFViewController.swift; sourceTree = "<group>"; };
		C6DCBCC527CF954100AE991B /* DPSFView.swift */ = {isa = PBXFileReference; fileEncoding = 4; lastKnownFileType = sourcecode.swift; path = DPSFView.swift; sourceTree = "<group>"; };
		C6DCBCCF27CF954100AE991B /* Base */ = {isa = PBXFileReference; lastKnownFileType = file.xib; name = Base; path = Base.lproj/ErrorView.xib; sourceTree = "<group>"; };
		C6DCBCD027CF954100AE991B /* FooterErrorView.xib */ = {isa = PBXFileReference; fileEncoding = 4; lastKnownFileType = file.xib; path = FooterErrorView.xib; sourceTree = "<group>"; };
		C6DCBCD127CF954100AE991B /* FooterErrorView.swift */ = {isa = PBXFileReference; fileEncoding = 4; lastKnownFileType = sourcecode.swift; path = FooterErrorView.swift; sourceTree = "<group>"; };
		C6DCBCD227CF954100AE991B /* ErrorView.swift */ = {isa = PBXFileReference; fileEncoding = 4; lastKnownFileType = sourcecode.swift; path = ErrorView.swift; sourceTree = "<group>"; };
		C6DCBCD327CF954100AE991B /* ErrorViewTypes.swift */ = {isa = PBXFileReference; fileEncoding = 4; lastKnownFileType = sourcecode.swift; path = ErrorViewTypes.swift; sourceTree = "<group>"; };
		C6DCBCD527CF954100AE991B /* EmptyView.xib */ = {isa = PBXFileReference; fileEncoding = 4; lastKnownFileType = file.xib; path = EmptyView.xib; sourceTree = "<group>"; };
		C6DCBCD627CF954100AE991B /* EmptyView.swift */ = {isa = PBXFileReference; fileEncoding = 4; lastKnownFileType = sourcecode.swift; path = EmptyView.swift; sourceTree = "<group>"; };
		C6DCBCD727CF954100AE991B /* EmptyViewTypes.swift */ = {isa = PBXFileReference; fileEncoding = 4; lastKnownFileType = sourcecode.swift; path = EmptyViewTypes.swift; sourceTree = "<group>"; };
		C6DCBD2F27CF9A9300AE991B /* URLHelper.swift */ = {isa = PBXFileReference; fileEncoding = 4; lastKnownFileType = sourcecode.swift; path = URLHelper.swift; sourceTree = "<group>"; };
		C6DCBD3127CF9A9300AE991B /* NavigationRouter.swift */ = {isa = PBXFileReference; fileEncoding = 4; lastKnownFileType = sourcecode.swift; path = NavigationRouter.swift; sourceTree = "<group>"; };
		C6DCBD3327CF9A9300AE991B /* AlertHelper.swift */ = {isa = PBXFileReference; fileEncoding = 4; lastKnownFileType = sourcecode.swift; path = AlertHelper.swift; sourceTree = "<group>"; };
		C6DCBD3427CF9A9300AE991B /* AlertTypes.swift */ = {isa = PBXFileReference; fileEncoding = 4; lastKnownFileType = sourcecode.swift; path = AlertTypes.swift; sourceTree = "<group>"; };
		C6FD87BA27D47638006073F0 /* DataPersistenceTableViewModel.swift */ = {isa = PBXFileReference; fileEncoding = 4; lastKnownFileType = sourcecode.swift; path = DataPersistenceTableViewModel.swift; sourceTree = "<group>"; };
		C6FD87C727D4765D006073F0 /* DPSFDynamicTableView.swift */ = {isa = PBXFileReference; fileEncoding = 4; lastKnownFileType = sourcecode.swift; path = DPSFDynamicTableView.swift; sourceTree = "<group>"; };
		C6FD87C827D4765D006073F0 /* DPSFDynamicTableViewController.swift */ = {isa = PBXFileReference; fileEncoding = 4; lastKnownFileType = sourcecode.swift; path = DPSFDynamicTableViewController.swift; sourceTree = "<group>"; };
		C6FD87CA27D4765D006073F0 /* DPSFStaticTableViewController.swift */ = {isa = PBXFileReference; fileEncoding = 4; lastKnownFileType = sourcecode.swift; path = DPSFStaticTableViewController.swift; sourceTree = "<group>"; };
		C6FD87CB27D4765D006073F0 /* DPSFStaticTableView.swift */ = {isa = PBXFileReference; fileEncoding = 4; lastKnownFileType = sourcecode.swift; path = DPSFStaticTableView.swift; sourceTree = "<group>"; };
		C6FD87D927D4768F006073F0 /* InterfaceBuilderTableViewCell.swift */ = {isa = PBXFileReference; fileEncoding = 4; lastKnownFileType = sourcecode.swift; path = InterfaceBuilderTableViewCell.swift; sourceTree = "<group>"; };
		C6FD87DB27D4768F006073F0 /* TableViewContextMenuConfigurator.swift */ = {isa = PBXFileReference; fileEncoding = 4; lastKnownFileType = sourcecode.swift; path = TableViewContextMenuConfigurator.swift; sourceTree = "<group>"; };
		C6FD87DC27D4768F006073F0 /* TableViewTapResponder.swift */ = {isa = PBXFileReference; fileEncoding = 4; lastKnownFileType = sourcecode.swift; path = TableViewTapResponder.swift; sourceTree = "<group>"; };
		C6FD87DD27D4768F006073F0 /* TableViewDataSource.swift */ = {isa = PBXFileReference; fileEncoding = 4; lastKnownFileType = sourcecode.swift; path = TableViewDataSource.swift; sourceTree = "<group>"; };
		C6FD87DE27D4768F006073F0 /* TableViewSwipeResponder.swift */ = {isa = PBXFileReference; fileEncoding = 4; lastKnownFileType = sourcecode.swift; path = TableViewSwipeResponder.swift; sourceTree = "<group>"; };
		C6FD87DF27D4768F006073F0 /* TableViewDelegate.swift */ = {isa = PBXFileReference; fileEncoding = 4; lastKnownFileType = sourcecode.swift; path = TableViewDelegate.swift; sourceTree = "<group>"; };
		C6FD87E027D4768F006073F0 /* TableViewCellConfigurator.swift */ = {isa = PBXFileReference; fileEncoding = 4; lastKnownFileType = sourcecode.swift; path = TableViewCellConfigurator.swift; sourceTree = "<group>"; };
		C6FD87E227D4768F006073F0 /* TableViewCell.swift */ = {isa = PBXFileReference; fileEncoding = 4; lastKnownFileType = sourcecode.swift; path = TableViewCell.swift; sourceTree = "<group>"; };
		C6FD87E327D4768F006073F0 /* TableView.swift */ = {isa = PBXFileReference; fileEncoding = 4; lastKnownFileType = sourcecode.swift; path = TableView.swift; sourceTree = "<group>"; };
/* End PBXFileReference section */

/* Begin PBXFrameworksBuildPhase section */
		C6150E2B27CF8FB0002DCCC7 /* Frameworks */ = {
			isa = PBXFrameworksBuildPhase;
			buildActionMask = 2147483647;
			files = (
				0967A838C77386D3E65F594D /* Pods_Tracker.framework in Frameworks */,
			);
			runOnlyForDeploymentPostprocessing = 0;
		};
/* End PBXFrameworksBuildPhase section */

/* Begin PBXGroup section */
		62642678E45FA3DA61027A8F /* Frameworks */ = {
			isa = PBXGroup;
			children = (
				321494BA9AC00DCA198DCFB7 /* Pods_Tracker.framework */,
			);
			name = Frameworks;
			sourceTree = "<group>";
		};
		B3BD89875A8F10914DAB7919 /* Pods */ = {
			isa = PBXGroup;
			children = (
				BE8FDE8E1F22BD20F2E877BA /* Pods-Tracker.debug.xcconfig */,
				A142A6BC14E6CE173D7795BC /* Pods-Tracker.release.xcconfig */,
			);
			path = Pods;
			sourceTree = "<group>";
		};
		C613108327CF9DCF00245A04 /* Home */ = {
			isa = PBXGroup;
			children = (
				C613108427CF9DDF00245A04 /* Model */,
				C613108727CF9DF000245A04 /* View Controller */,
				C613108627CF9DEA00245A04 /* View Model */,
			);
			path = Home;
			sourceTree = "<group>";
		};
		C613108427CF9DDF00245A04 /* Model */ = {
			isa = PBXGroup;
			children = (
				C6D898DB27D0A6990005353D /* HomeLogicController.swift */,
			);
			path = Model;
			sourceTree = "<group>";
		};
		C613108627CF9DEA00245A04 /* View Model */ = {
			isa = PBXGroup;
			children = (
				C6D898DD27D0A8120005353D /* HomeViewModel.swift */,
			);
			path = "View Model";
			sourceTree = "<group>";
		};
		C613108727CF9DF000245A04 /* View Controller */ = {
			isa = PBXGroup;
			children = (
				C613108827CF9EB100245A04 /* HomeViewController.swift */,
			);
			path = "View Controller";
			sourceTree = "<group>";
		};
		C6150E2527CF8FB0002DCCC7 = {
			isa = PBXGroup;
			children = (
				C6150E3027CF8FB0002DCCC7 /* Tracker */,
				C6150E2F27CF8FB0002DCCC7 /* Products */,
				B3BD89875A8F10914DAB7919 /* Pods */,
				62642678E45FA3DA61027A8F /* Frameworks */,
			);
			sourceTree = "<group>";
		};
		C6150E2F27CF8FB0002DCCC7 /* Products */ = {
			isa = PBXGroup;
			children = (
				C6150E2E27CF8FB0002DCCC7 /* Tracker.app */,
			);
			name = Products;
			sourceTree = "<group>";
		};
		C6150E3027CF8FB0002DCCC7 /* Tracker */ = {
			isa = PBXGroup;
			children = (
				C6DCBD2D27CF954900AE991B /* Commons */,
				C6150E4527CF913B002DCCC7 /* Modules */,
				C6150E4827CF9156002DCCC7 /* Resources */,
				C69C741627D1F28D0011EA8A /* Services */,
			);
			path = Tracker;
			sourceTree = "<group>";
		};
		C6150E4527CF913B002DCCC7 /* Modules */ = {
			isa = PBXGroup;
			children = (
				C6150E4627CF9142002DCCC7 /* Main */,
				C6DCBD3927CF9A9600AE991B /* Support */,
			);
			path = Modules;
			sourceTree = "<group>";
		};
		C6150E4627CF9142002DCCC7 /* Main */ = {
			isa = PBXGroup;
			children = (
				C6150E4727CF9148002DCCC7 /* App */,
				C621F88F27D34F7C004B2169 /* History */,
				C613108327CF9DCF00245A04 /* Home */,
				C6D898DF27D0E0D80005353D /* Splash */,
			);
			path = Main;
			sourceTree = "<group>";
		};
		C6150E4727CF9148002DCCC7 /* App */ = {
			isa = PBXGroup;
			children = (
				C6150E3127CF8FB0002DCCC7 /* AppDelegate.swift */,
				C6150E3327CF8FB0002DCCC7 /* SceneDelegate.swift */,
			);
			path = App;
			sourceTree = "<group>";
		};
		C6150E4827CF9156002DCCC7 /* Resources */ = {
			isa = PBXGroup;
			children = (
				C6150E3A27CF8FB2002DCCC7 /* Assets.xcassets */,
				C613108A27CFB01F00245A04 /* Info.plist */,
			);
			path = Resources;
			sourceTree = "<group>";
		};
		C621F88F27D34F7C004B2169 /* History */ = {
			isa = PBXGroup;
			children = (
				C621F89027D34F88004B2169 /* Model */,
				C621F89127D34F8D004B2169 /* View */,
				C621F89227D34F9B004B2169 /* View Controller */,
				C621F89327D34FAB004B2169 /* View Model */,
			);
			path = History;
			sourceTree = "<group>";
		};
		C621F89027D34F88004B2169 /* Model */ = {
			isa = PBXGroup;
			children = (
				C621F89427D34FBD004B2169 /* Logic Controller */,
				C621F89727D3518C004B2169 /* Realm */,
				C621F89527D34FD8004B2169 /* HistoryManager.swift */,
				C621F8AF27D38988004B2169 /* HistoryModel.swift */,
			);
			path = Model;
			sourceTree = "<group>";
		};
		C621F89127D34F8D004B2169 /* View */ = {
			isa = PBXGroup;
			children = (
				C621F8A727D37814004B2169 /* Custom Cells */,
				C621F8A827D378A2004B2169 /* Custom Components */,
			);
			path = View;
			sourceTree = "<group>";
		};
		C621F89227D34F9B004B2169 /* View Controller */ = {
			isa = PBXGroup;
			children = (
				C621F8A127D374D1004B2169 /* HistoryViewController.swift */,
				C674087227D50376001F3F01 /* HistoryDetailViewController.swift */,
			);
			path = "View Controller";
			sourceTree = "<group>";
		};
		C621F89327D34FAB004B2169 /* View Model */ = {
			isa = PBXGroup;
			children = (
				C621F89C27D369A5004B2169 /* HistoryViewModel.swift */,
			);
			path = "View Model";
			sourceTree = "<group>";
		};
		C621F89427D34FBD004B2169 /* Logic Controller */ = {
			isa = PBXGroup;
			children = (
				C621F89A27D35DEF004B2169 /* HistoryLogicController.swift */,
			);
			path = "Logic Controller";
			sourceTree = "<group>";
		};
		C621F89727D3518C004B2169 /* Realm */ = {
			isa = PBXGroup;
			children = (
				C621F89827D351B1004B2169 /* Location.swift */,
			);
			path = Realm;
			sourceTree = "<group>";
		};
		C621F8A727D37814004B2169 /* Custom Cells */ = {
			isa = PBXGroup;
			children = (
				C621F8AB27D37B48004B2169 /* HistoryCell.swift */,
				C621F8AC27D37B48004B2169 /* HistoryCell.xib */,
			);
			path = "Custom Cells";
			sourceTree = "<group>";
		};
		C621F8A827D378A2004B2169 /* Custom Components */ = {
			isa = PBXGroup;
			children = (
				C621F8A327D37728004B2169 /* HistoryDataSource.swift */,
				C621F8A527D37794004B2169 /* HistoryCellConfigurator.swift */,
				C621F8B127D3B31D004B2169 /* HistoryDelegate.swift */,
				C674086E27D4F479001F3F01 /* HistoryTapResponder.swift */,
				C674087027D4F488001F3F01 /* HistoryEditResponder.swift */,
			);
			path = "Custom Components";
			sourceTree = "<group>";
		};
		C69C741627D1F28D0011EA8A /* Services */ = {
			isa = PBXGroup;
			children = (
				C6D87B8027CFDEDA0027880C /* Location */,
				C6D87B8327D007E70027880C /* Notification */,
			);
			path = Services;
			sourceTree = "<group>";
		};
		C6D87B8027CFDEDA0027880C /* Location */ = {
			isa = PBXGroup;
			children = (
				C6D87B8127CFDEF00027880C /* LocationManager.swift */,
				C69C741227D1ED040011EA8A /* LocationTypes.swift */,
			);
			path = Location;
			sourceTree = "<group>";
		};
		C6D87B8327D007E70027880C /* Notification */ = {
			isa = PBXGroup;
			children = (
				C6D87B8427D008020027880C /* NotificationManager.swift */,
				C69C741427D1ED5A0011EA8A /* NotificationTypes.swift */,
			);
			path = Notification;
			sourceTree = "<group>";
		};
		C6D898DF27D0E0D80005353D /* Splash */ = {
			isa = PBXGroup;
			children = (
				C6D898E027D0E0ED0005353D /* SplashViewController.swift */,
			);
			path = Splash;
			sourceTree = "<group>";
		};
		C6DCBC4827CF954000AE991B /* View Model */ = {
			isa = PBXGroup;
			children = (
				C6DCBC4E27CF954000AE991B /* General */,
				C6DCBC4927CF954000AE991B /* Collection View */,
				C6FD87B627D47638006073F0 /* Table View */,
			);
			path = "View Model";
			sourceTree = "<group>";
		};
		C6DCBC4927CF954000AE991B /* Collection View */ = {
			isa = PBXGroup;
			children = (
				C6DCBC4C27CF954000AE991B /* Data Persistence */,
			);
			path = "Collection View";
			sourceTree = "<group>";
		};
		C6DCBC4C27CF954000AE991B /* Data Persistence */ = {
			isa = PBXGroup;
			children = (
				C6DCBC4D27CF954000AE991B /* DataPersistenceCollectionViewModel.swift */,
			);
			path = "Data Persistence";
			sourceTree = "<group>";
		};
		C6DCBC4E27CF954000AE991B /* General */ = {
			isa = PBXGroup;
			children = (
				C6DCBC4F27CF954000AE991B /* DataPersistenceViewModel.swift */,
				C6DCBC5127CF954000AE991B /* CellViewModel.swift */,
			);
			path = General;
			sourceTree = "<group>";
		};
		C6DCBC5727CF954000AE991B /* Model */ = {
			isa = PBXGroup;
			children = (
				C6DCBC5927CF954100AE991B /* Constants */,
				C6DCBC6427CF954100AE991B /* Data */,
				C6DCBC6027CF954100AE991B /* Logic Controller */,
				C6DCBC5F27CF954100AE991B /* FoundationExtensions.swift */,
				C6DCBC6327CF954100AE991B /* FoundationTypes.swift */,
				C6DCBC5827CF954100AE991B /* ModelProtocols.swift */,
			);
			path = Model;
			sourceTree = "<group>";
		};
		C6DCBC5927CF954100AE991B /* Constants */ = {
			isa = PBXGroup;
			children = (
				C6DCBC5A27CF954100AE991B /* Constants.swift */,
			);
			path = Constants;
			sourceTree = "<group>";
		};
		C6DCBC6027CF954100AE991B /* Logic Controller */ = {
			isa = PBXGroup;
			children = (
				C6DCBC6127CF954100AE991B /* DataPersistenceLogicController.swift */,
			);
			path = "Logic Controller";
			sourceTree = "<group>";
		};
		C6DCBC6427CF954100AE991B /* Data */ = {
			isa = PBXGroup;
			children = (
				C6DCBC6627CF954100AE991B /* Persistence Providers */,
				C6DCBC6527CF954100AE991B /* DataManager.swift */,
				C6DCBC6B27CF954100AE991B /* DataProtocols.swift */,
				C6DCBC6C27CF954100AE991B /* DataTypes.swift */,
			);
			path = Data;
			sourceTree = "<group>";
		};
		C6DCBC6627CF954100AE991B /* Persistence Providers */ = {
			isa = PBXGroup;
			children = (
				C6DCBC6827CF954100AE991B /* BundlePersistenceProvider.swift */,
				C6DCBC6727CF954100AE991B /* FileManagerPersistenceProvider.swift */,
				C6DCBC6927CF954100AE991B /* UserDefaultsPersistenceProvider.swift */,
				C6DCBC6A27CF954100AE991B /* RealmPersistenceProvider.swift */,
			);
			path = "Persistence Providers";
			sourceTree = "<group>";
		};
		C6DCBC6D27CF954100AE991B /* View Controller */ = {
			isa = PBXGroup;
			children = (
				C6DCBC6E27CF954100AE991B /* Protocols */,
			);
			path = "View Controller";
			sourceTree = "<group>";
		};
		C6DCBC6E27CF954100AE991B /* Protocols */ = {
			isa = PBXGroup;
			children = (
				C6DCBC6F27CF954100AE991B /* StoryboardableViewController.swift */,
			);
			path = Protocols;
			sourceTree = "<group>";
		};
		C6DCBC7027CF954100AE991B /* View */ = {
			isa = PBXGroup;
			children = (
				C6DCBC7427CF954100AE991B /* Basic Views */,
				C6DCBC7127CF954100AE991B /* Custom Controls */,
				C6DCBC9E27CF954100AE991B /* Custom Views */,
				C6DCBC9427CF954100AE991B /* Storyboard */,
				C6DCBC9D27CF954100AE991B /* UIKitExtensions.swift */,
			);
			path = View;
			sourceTree = "<group>";
		};
		C6DCBC7127CF954100AE991B /* Custom Controls */ = {
			isa = PBXGroup;
			children = (
				C6DCBC7227CF954100AE991B /* Buttons */,
			);
			path = "Custom Controls";
			sourceTree = "<group>";
		};
		C6DCBC7227CF954100AE991B /* Buttons */ = {
			isa = PBXGroup;
			children = (
				C6DCBC7327CF954100AE991B /* AdaptableSizeButton.swift */,
			);
			path = Buttons;
			sourceTree = "<group>";
		};
		C6DCBC7427CF954100AE991B /* Basic Views */ = {
			isa = PBXGroup;
			children = (
				C6DCBC7527CF954100AE991B /* Collection View */,
				C6FD87D427D4768F006073F0 /* Table View */,
			);
			path = "Basic Views";
			sourceTree = "<group>";
		};
		C6DCBC7527CF954100AE991B /* Collection View */ = {
			isa = PBXGroup;
			children = (
				C6DCBC7627CF954100AE991B /* Custom Cells */,
				C6DCBC8127CF954100AE991B /* Custom Classes */,
				C6DCBC7B27CF954100AE991B /* Custom Components */,
			);
			path = "Collection View";
			sourceTree = "<group>";
		};
		C6DCBC7627CF954100AE991B /* Custom Cells */ = {
			isa = PBXGroup;
			children = (
				C6DCBC7A27CF954100AE991B /* InterfaceBuilderCollectionViewCell.swift */,
			);
			path = "Custom Cells";
			sourceTree = "<group>";
		};
		C6DCBC7B27CF954100AE991B /* Custom Components */ = {
			isa = PBXGroup;
			children = (
				C6DCBC7C27CF954100AE991B /* CollectionViewContextMenuConfigurator.swift */,
				C6DCBC7D27CF954100AE991B /* CollectionViewDataSource.swift */,
				C6DCBC7E27CF954100AE991B /* CollectionViewCellConfigurator.swift */,
				C6DCBC7F27CF954100AE991B /* CollectionViewDelegate.swift */,
				C6DCBC8027CF954100AE991B /* CollectionViewTapResponder.swift */,
			);
			path = "Custom Components";
			sourceTree = "<group>";
		};
		C6DCBC8127CF954100AE991B /* Custom Classes */ = {
			isa = PBXGroup;
			children = (
				C6DCBC8227CF954100AE991B /* CollectionView.swift */,
				C6DCBC8327CF954100AE991B /* CollectionViewCell.swift */,
			);
			path = "Custom Classes";
			sourceTree = "<group>";
		};
		C6DCBC9427CF954100AE991B /* Storyboard */ = {
			isa = PBXGroup;
			children = (
				C6150E3C27CF8FB2002DCCC7 /* LaunchScreen.storyboard */,
				C6150E3727CF8FB0002DCCC7 /* Main.storyboard */,
			);
			path = Storyboard;
			sourceTree = "<group>";
		};
		C6DCBC9E27CF954100AE991B /* Custom Views */ = {
			isa = PBXGroup;
			children = (
				C6DCBC9F27CF954100AE991B /* Activity Indicator Views */,
				C6DCBCD427CF954100AE991B /* Empty Views */,
				C6DCBCCB27CF954100AE991B /* Error Views */,
				C6DCBCA427CF954100AE991B /* Stateful Views */,
			);
			path = "Custom Views";
			sourceTree = "<group>";
		};
		C6DCBC9F27CF954100AE991B /* Activity Indicator Views */ = {
			isa = PBXGroup;
			children = (
				C6DCBCA027CF954100AE991B /* FooterActivityIndicatorView.xib */,
				C6DCBCA127CF954100AE991B /* ActivityIndicatorView.xib */,
				C6DCBCA227CF954100AE991B /* FooterActivityIndicatorView.swift */,
				C6DCBCA327CF954100AE991B /* ActivityIndicatorView.swift */,
			);
			path = "Activity Indicator Views";
			sourceTree = "<group>";
		};
		C6DCBCA427CF954100AE991B /* Stateful Views */ = {
			isa = PBXGroup;
			children = (
				C6DCBCA527CF954100AE991B /* Collection View */,
				C6FD87BD27D4765D006073F0 /* Table View */,
				C6DCBCBF27CF954100AE991B /* View */,
				C6DCBCAE27CF954100AE991B /* StatefulViewTypes.swift */,
				C6DCBCAF27CF954100AE991B /* StatefulViewProtocols.swift */,
			);
			path = "Stateful Views";
			sourceTree = "<group>";
		};
		C6DCBCA527CF954100AE991B /* Collection View */ = {
			isa = PBXGroup;
			children = (
				C6DCBCAA27CF954100AE991B /* DPSFDynamicCollectionViewController.swift */,
				C6DCBCAB27CF954100AE991B /* DPSFDynamicCollectionView.swift */,
			);
			path = "Collection View";
			sourceTree = "<group>";
		};
		C6DCBCBF27CF954100AE991B /* View */ = {
			isa = PBXGroup;
			children = (
				C6DCBCC427CF954100AE991B /* DPSFViewController.swift */,
				C6DCBCC527CF954100AE991B /* DPSFView.swift */,
			);
			path = View;
			sourceTree = "<group>";
		};
		C6DCBCCB27CF954100AE991B /* Error Views */ = {
			isa = PBXGroup;
			children = (
				C6DCBCCE27CF954100AE991B /* ErrorView.xib */,
				C6DCBCD027CF954100AE991B /* FooterErrorView.xib */,
				C6DCBCD127CF954100AE991B /* FooterErrorView.swift */,
				C6DCBCD227CF954100AE991B /* ErrorView.swift */,
				C6DCBCD327CF954100AE991B /* ErrorViewTypes.swift */,
			);
			path = "Error Views";
			sourceTree = "<group>";
		};
		C6DCBCD427CF954100AE991B /* Empty Views */ = {
			isa = PBXGroup;
			children = (
				C6DCBCD527CF954100AE991B /* EmptyView.xib */,
				C6DCBCD627CF954100AE991B /* EmptyView.swift */,
				C6DCBCD727CF954100AE991B /* EmptyViewTypes.swift */,
			);
			path = "Empty Views";
			sourceTree = "<group>";
		};
		C6DCBD2D27CF954900AE991B /* Commons */ = {
			isa = PBXGroup;
			children = (
				C6DCBC5727CF954000AE991B /* Model */,
				C6DCBC7027CF954100AE991B /* View */,
				C6DCBC6D27CF954100AE991B /* View Controller */,
				C6DCBC4827CF954000AE991B /* View Model */,
			);
			path = Commons;
			sourceTree = "<group>";
		};
		C6DCBD2E27CF9A9300AE991B /* URL */ = {
			isa = PBXGroup;
			children = (
				C6DCBD2F27CF9A9300AE991B /* URLHelper.swift */,
			);
			path = URL;
			sourceTree = "<group>";
		};
		C6DCBD3027CF9A9300AE991B /* Navigation */ = {
			isa = PBXGroup;
			children = (
				C6DCBD3127CF9A9300AE991B /* NavigationRouter.swift */,
			);
			path = Navigation;
			sourceTree = "<group>";
		};
		C6DCBD3227CF9A9300AE991B /* Alert */ = {
			isa = PBXGroup;
			children = (
				C6DCBD3327CF9A9300AE991B /* AlertHelper.swift */,
				C6DCBD3427CF9A9300AE991B /* AlertTypes.swift */,
			);
			path = Alert;
			sourceTree = "<group>";
		};
		C6DCBD3927CF9A9600AE991B /* Support */ = {
			isa = PBXGroup;
			children = (
				C6DCBD3227CF9A9300AE991B /* Alert */,
				C6DCBD3027CF9A9300AE991B /* Navigation */,
				C6DCBD2E27CF9A9300AE991B /* URL */,
			);
			path = Support;
			sourceTree = "<group>";
		};
		C6FD87B627D47638006073F0 /* Table View */ = {
			isa = PBXGroup;
			children = (
				C6FD87B927D47638006073F0 /* Data Persistence */,
			);
			path = "Table View";
			sourceTree = "<group>";
		};
		C6FD87B927D47638006073F0 /* Data Persistence */ = {
			isa = PBXGroup;
			children = (
				C6FD87BA27D47638006073F0 /* DataPersistenceTableViewModel.swift */,
			);
			path = "Data Persistence";
			sourceTree = "<group>";
		};
		C6FD87BD27D4765D006073F0 /* Table View */ = {
			isa = PBXGroup;
			children = (
				C6FD87C527D4765D006073F0 /* Data Persistence */,
			);
			path = "Table View";
			sourceTree = "<group>";
		};
		C6FD87C527D4765D006073F0 /* Data Persistence */ = {
			isa = PBXGroup;
			children = (
				C6FD87C627D4765D006073F0 /* Dynamic */,
				C6FD87C927D4765D006073F0 /* Static */,
			);
			path = "Data Persistence";
			sourceTree = "<group>";
		};
		C6FD87C627D4765D006073F0 /* Dynamic */ = {
			isa = PBXGroup;
			children = (
				C6FD87C727D4765D006073F0 /* DPSFDynamicTableView.swift */,
				C6FD87C827D4765D006073F0 /* DPSFDynamicTableViewController.swift */,
			);
			path = Dynamic;
			sourceTree = "<group>";
		};
		C6FD87C927D4765D006073F0 /* Static */ = {
			isa = PBXGroup;
			children = (
				C6FD87CA27D4765D006073F0 /* DPSFStaticTableViewController.swift */,
				C6FD87CB27D4765D006073F0 /* DPSFStaticTableView.swift */,
			);
			path = Static;
			sourceTree = "<group>";
		};
		C6FD87D427D4768F006073F0 /* Table View */ = {
			isa = PBXGroup;
			children = (
				C6FD87D527D4768F006073F0 /* Custom Cells */,
				C6FD87E127D4768F006073F0 /* Custom Classes */,
				C6FD87DA27D4768F006073F0 /* Custom Components */,
			);
			path = "Table View";
			sourceTree = "<group>";
		};
		C6FD87D527D4768F006073F0 /* Custom Cells */ = {
			isa = PBXGroup;
			children = (
				C6FD87D927D4768F006073F0 /* InterfaceBuilderTableViewCell.swift */,
			);
			path = "Custom Cells";
			sourceTree = "<group>";
		};
		C6FD87DA27D4768F006073F0 /* Custom Components */ = {
			isa = PBXGroup;
			children = (
				C6FD87DB27D4768F006073F0 /* TableViewContextMenuConfigurator.swift */,
				C6FD87DC27D4768F006073F0 /* TableViewTapResponder.swift */,
				C6FD87DD27D4768F006073F0 /* TableViewDataSource.swift */,
				C6FD87DE27D4768F006073F0 /* TableViewSwipeResponder.swift */,
				C674086C27D4F445001F3F01 /* TableViewEditResponder.swift */,
				C6FD87DF27D4768F006073F0 /* TableViewDelegate.swift */,
				C6FD87E027D4768F006073F0 /* TableViewCellConfigurator.swift */,
			);
			path = "Custom Components";
			sourceTree = "<group>";
		};
		C6FD87E127D4768F006073F0 /* Custom Classes */ = {
			isa = PBXGroup;
			children = (
				C6FD87E327D4768F006073F0 /* TableView.swift */,
				C6FD87E227D4768F006073F0 /* TableViewCell.swift */,
			);
			path = "Custom Classes";
			sourceTree = "<group>";
		};
/* End PBXGroup section */

/* Begin PBXNativeTarget section */
		C6150E2D27CF8FB0002DCCC7 /* Tracker */ = {
			isa = PBXNativeTarget;
			buildConfigurationList = C6150E4227CF8FB2002DCCC7 /* Build configuration list for PBXNativeTarget "Tracker" */;
			buildPhases = (
				79A6073EC72F7D46E0D073CC /* [CP] Check Pods Manifest.lock */,
				C6150E2A27CF8FB0002DCCC7 /* Sources */,
				C6150E2B27CF8FB0002DCCC7 /* Frameworks */,
				C6150E2C27CF8FB0002DCCC7 /* Resources */,
				22AEFFDA1D44EE6811B27240 /* [CP] Embed Pods Frameworks */,
			);
			buildRules = (
			);
			dependencies = (
			);
			name = Tracker;
			productName = Tracker;
			productReference = C6150E2E27CF8FB0002DCCC7 /* Tracker.app */;
			productType = "com.apple.product-type.application";
		};
/* End PBXNativeTarget section */

/* Begin PBXProject section */
		C6150E2627CF8FB0002DCCC7 /* Project object */ = {
			isa = PBXProject;
			attributes = {
				BuildIndependentTargetsInParallel = 1;
				LastSwiftUpdateCheck = 1320;
				LastUpgradeCheck = 1320;
				TargetAttributes = {
					C6150E2D27CF8FB0002DCCC7 = {
						CreatedOnToolsVersion = 13.2.1;
					};
				};
			};
			buildConfigurationList = C6150E2927CF8FB0002DCCC7 /* Build configuration list for PBXProject "Tracker" */;
			compatibilityVersion = "Xcode 11.0";
			developmentRegion = en;
			hasScannedForEncodings = 0;
			knownRegions = (
				en,
				Base,
				ar,
			);
			mainGroup = C6150E2527CF8FB0002DCCC7;
			productRefGroup = C6150E2F27CF8FB0002DCCC7 /* Products */;
			projectDirPath = "";
			projectRoot = "";
			targets = (
				C6150E2D27CF8FB0002DCCC7 /* Tracker */,
			);
		};
/* End PBXProject section */

/* Begin PBXResourcesBuildPhase section */
		C6150E2C27CF8FB0002DCCC7 /* Resources */ = {
			isa = PBXResourcesBuildPhase;
			buildActionMask = 2147483647;
			files = (
				C621F8AE27D37B48004B2169 /* HistoryCell.xib in Resources */,
				C6150E3E27CF8FB2002DCCC7 /* LaunchScreen.storyboard in Resources */,
				C6DCBD0927CF954100AE991B /* FooterActivityIndicatorView.xib in Resources */,
				C6DCBD0A27CF954100AE991B /* ActivityIndicatorView.xib in Resources */,
				C6DCBD2A27CF954100AE991B /* EmptyView.xib in Resources */,
				C6DCBD2627CF954100AE991B /* FooterErrorView.xib in Resources */,
				C6DCBD2527CF954100AE991B /* ErrorView.xib in Resources */,
				C6150E3B27CF8FB2002DCCC7 /* Assets.xcassets in Resources */,
				C6150E3927CF8FB0002DCCC7 /* Main.storyboard in Resources */,
			);
			runOnlyForDeploymentPostprocessing = 0;
		};
/* End PBXResourcesBuildPhase section */

/* Begin PBXShellScriptBuildPhase section */
		22AEFFDA1D44EE6811B27240 /* [CP] Embed Pods Frameworks */ = {
			isa = PBXShellScriptBuildPhase;
			buildActionMask = 2147483647;
			files = (
			);
			inputFileListPaths = (
				"${PODS_ROOT}/Target Support Files/Pods-Tracker/Pods-Tracker-frameworks-${CONFIGURATION}-input-files.xcfilelist",
			);
			name = "[CP] Embed Pods Frameworks";
			outputFileListPaths = (
				"${PODS_ROOT}/Target Support Files/Pods-Tracker/Pods-Tracker-frameworks-${CONFIGURATION}-output-files.xcfilelist",
			);
			runOnlyForDeploymentPostprocessing = 0;
			shellPath = /bin/sh;
			shellScript = "\"${PODS_ROOT}/Target Support Files/Pods-Tracker/Pods-Tracker-frameworks.sh\"\n";
			showEnvVarsInLog = 0;
		};
		79A6073EC72F7D46E0D073CC /* [CP] Check Pods Manifest.lock */ = {
			isa = PBXShellScriptBuildPhase;
			buildActionMask = 2147483647;
			files = (
			);
			inputFileListPaths = (
			);
			inputPaths = (
				"${PODS_PODFILE_DIR_PATH}/Podfile.lock",
				"${PODS_ROOT}/Manifest.lock",
			);
			name = "[CP] Check Pods Manifest.lock";
			outputFileListPaths = (
			);
			outputPaths = (
				"$(DERIVED_FILE_DIR)/Pods-Tracker-checkManifestLockResult.txt",
			);
			runOnlyForDeploymentPostprocessing = 0;
			shellPath = /bin/sh;
			shellScript = "diff \"${PODS_PODFILE_DIR_PATH}/Podfile.lock\" \"${PODS_ROOT}/Manifest.lock\" > /dev/null\nif [ $? != 0 ] ; then\n    # print error to STDERR\n    echo \"error: The sandbox is not in sync with the Podfile.lock. Run 'pod install' or update your CocoaPods installation.\" >&2\n    exit 1\nfi\n# This output is used by Xcode 'outputs' to avoid re-running this script phase.\necho \"SUCCESS\" > \"${SCRIPT_OUTPUT_FILE_0}\"\n";
			showEnvVarsInLog = 0;
		};
/* End PBXShellScriptBuildPhase section */

/* Begin PBXSourcesBuildPhase section */
		C6150E2A27CF8FB0002DCCC7 /* Sources */ = {
			isa = PBXSourcesBuildPhase;
			buildActionMask = 2147483647;
			files = (
				C6FD87EC27D4768F006073F0 /* TableViewCellConfigurator.swift in Sources */,
				C6FD87EE27D4768F006073F0 /* TableView.swift in Sources */,
				C6DCBCEB27CF954100AE991B /* DataProtocols.swift in Sources */,
				C6FD87E727D4768F006073F0 /* TableViewContextMenuConfigurator.swift in Sources */,
				C6DCBCEE27CF954100AE991B /* AdaptableSizeButton.swift in Sources */,
				C6DCBCE227CF954100AE991B /* FoundationExtensions.swift in Sources */,
				C613108927CF9EB100245A04 /* HomeViewController.swift in Sources */,
				C621F89D27D369A5004B2169 /* HistoryViewModel.swift in Sources */,
				C6FD87E827D4768F006073F0 /* TableViewTapResponder.swift in Sources */,
				C6DCBCD927CF954100AE991B /* DataPersistenceCollectionViewModel.swift in Sources */,
				C6DCBD1227CF954100AE991B /* StatefulViewTypes.swift in Sources */,
				C6DCBCE827CF954100AE991B /* BundlePersistenceProvider.swift in Sources */,
				C6DCBD2B27CF954100AE991B /* EmptyView.swift in Sources */,
				C6DCBD0B27CF954100AE991B /* FooterActivityIndicatorView.swift in Sources */,
				C6DCBCED27CF954100AE991B /* StoryboardableViewController.swift in Sources */,
				C6DCBCDF27CF954100AE991B /* ModelProtocols.swift in Sources */,
				C6DCBCF827CF954100AE991B /* CollectionViewCell.swift in Sources */,
				C6FD87E627D4768F006073F0 /* InterfaceBuilderTableViewCell.swift in Sources */,
				C6FD87EB27D4768F006073F0 /* TableViewDelegate.swift in Sources */,
				C6DCBD1027CF954100AE991B /* DPSFDynamicCollectionView.swift in Sources */,
				C69C741327D1ED040011EA8A /* LocationTypes.swift in Sources */,
				C6DCBCDC27CF954100AE991B /* CellViewModel.swift in Sources */,
				C6D87B8227CFDEF00027880C /* LocationManager.swift in Sources */,
				C6DCBCEC27CF954100AE991B /* DataTypes.swift in Sources */,
				C6DCBCE627CF954100AE991B /* DataManager.swift in Sources */,
				C6DCBCEA27CF954100AE991B /* RealmPersistenceProvider.swift in Sources */,
				C6DCBCE527CF954100AE991B /* FoundationTypes.swift in Sources */,
				C6D898E127D0E0ED0005353D /* SplashViewController.swift in Sources */,
				C6FD87D327D4765D006073F0 /* DPSFStaticTableView.swift in Sources */,
				C6150E3227CF8FB0002DCCC7 /* AppDelegate.swift in Sources */,
				C674086F27D4F479001F3F01 /* HistoryTapResponder.swift in Sources */,
				C6DCBCF627CF954100AE991B /* CollectionViewTapResponder.swift in Sources */,
				C6DCBCF427CF954100AE991B /* CollectionViewCellConfigurator.swift in Sources */,
				C6DCBCE727CF954100AE991B /* FileManagerPersistenceProvider.swift in Sources */,
				C621F89627D34FD8004B2169 /* HistoryManager.swift in Sources */,
				C621F8A427D37728004B2169 /* HistoryDataSource.swift in Sources */,
				C6FD87D127D4765D006073F0 /* DPSFDynamicTableViewController.swift in Sources */,
				C6DCBCF127CF954100AE991B /* InterfaceBuilderCollectionViewCell.swift in Sources */,
				C621F89927D351B1004B2169 /* Location.swift in Sources */,
				C6FD87D227D4765D006073F0 /* DPSFStaticTableViewController.swift in Sources */,
				C6DCBD0C27CF954100AE991B /* ActivityIndicatorView.swift in Sources */,
				C674086D27D4F445001F3F01 /* TableViewEditResponder.swift in Sources */,
				C6FD87ED27D4768F006073F0 /* TableViewCell.swift in Sources */,
				C6FD87D027D4765D006073F0 /* DPSFDynamicTableView.swift in Sources */,
				C6DCBCDA27CF954100AE991B /* DataPersistenceViewModel.swift in Sources */,
				C6DCBD2C27CF954100AE991B /* EmptyViewTypes.swift in Sources */,
				C6DCBCF227CF954100AE991B /* CollectionViewContextMenuConfigurator.swift in Sources */,
				C6FD87EA27D4768F006073F0 /* TableViewSwipeResponder.swift in Sources */,
				C6DCBD2827CF954100AE991B /* ErrorView.swift in Sources */,
				C6DCBD3827CF9A9300AE991B /* AlertTypes.swift in Sources */,
				C621F8AD27D37B48004B2169 /* HistoryCell.swift in Sources */,
				C6DCBD3627CF9A9300AE991B /* NavigationRouter.swift in Sources */,
				C6DCBD3527CF9A9300AE991B /* URLHelper.swift in Sources */,
				C69C741527D1ED5A0011EA8A /* NotificationTypes.swift in Sources */,
				C6DCBD2727CF954100AE991B /* FooterErrorView.swift in Sources */,
				C621F89B27D35DEF004B2169 /* HistoryLogicController.swift in Sources */,
				C6DCBD0827CF954100AE991B /* UIKitExtensions.swift in Sources */,
				C6150E3427CF8FB0002DCCC7 /* SceneDelegate.swift in Sources */,
				C6D898DE27D0A8120005353D /* HomeViewModel.swift in Sources */,
				C6D898DC27D0A6990005353D /* HomeLogicController.swift in Sources */,
				C6DCBCF727CF954100AE991B /* CollectionView.swift in Sources */,
				C621F8B027D38988004B2169 /* HistoryModel.swift in Sources */,
				C6FD87E927D4768F006073F0 /* TableViewDataSource.swift in Sources */,
				C6DCBCF527CF954100AE991B /* CollectionViewDelegate.swift in Sources */,
				C6DCBD1F27CF954100AE991B /* DPSFView.swift in Sources */,
				C6DCBCF327CF954100AE991B /* CollectionViewDataSource.swift in Sources */,
				C6FD87BC27D47638006073F0 /* DataPersistenceTableViewModel.swift in Sources */,
				C6DCBD2927CF954100AE991B /* ErrorViewTypes.swift in Sources */,
				C674087327D50376001F3F01 /* HistoryDetailViewController.swift in Sources */,
				C6DCBCE027CF954100AE991B /* Constants.swift in Sources */,
				C621F8A227D374D1004B2169 /* HistoryViewController.swift in Sources */,
				C6DCBD0F27CF954100AE991B /* DPSFDynamicCollectionViewController.swift in Sources */,
				C6DCBCE327CF954100AE991B /* DataPersistenceLogicController.swift in Sources */,
				C6DCBD3727CF9A9300AE991B /* AlertHelper.swift in Sources */,
				C621F8A627D37794004B2169 /* HistoryCellConfigurator.swift in Sources */,
				C6DCBD1E27CF954100AE991B /* DPSFViewController.swift in Sources */,
				C6DCBCE927CF954100AE991B /* UserDefaultsPersistenceProvider.swift in Sources */,
				C621F8B227D3B31D004B2169 /* HistoryDelegate.swift in Sources */,
				C6DCBD1327CF954100AE991B /* StatefulViewProtocols.swift in Sources */,
				C6D87B8527D008020027880C /* NotificationManager.swift in Sources */,
				C674087127D4F488001F3F01 /* HistoryEditResponder.swift in Sources */,
			);
			runOnlyForDeploymentPostprocessing = 0;
		};
/* End PBXSourcesBuildPhase section */

/* Begin PBXVariantGroup section */
		C6150E3727CF8FB0002DCCC7 /* Main.storyboard */ = {
			isa = PBXVariantGroup;
			children = (
				C6150E3827CF8FB0002DCCC7 /* Base */,
			);
			name = Main.storyboard;
			sourceTree = "<group>";
		};
		C6150E3C27CF8FB2002DCCC7 /* LaunchScreen.storyboard */ = {
			isa = PBXVariantGroup;
			children = (
				C6150E3D27CF8FB2002DCCC7 /* Base */,
			);
			name = LaunchScreen.storyboard;
			sourceTree = "<group>";
		};
		C6DCBCCE27CF954100AE991B /* ErrorView.xib */ = {
			isa = PBXVariantGroup;
			children = (
				C6DCBCCF27CF954100AE991B /* Base */,
			);
			name = ErrorView.xib;
			sourceTree = "<group>";
		};
/* End PBXVariantGroup section */

/* Begin XCBuildConfiguration section */
		C6150E4027CF8FB2002DCCC7 /* Debug */ = {
			isa = XCBuildConfiguration;
			buildSettings = {
				ALWAYS_SEARCH_USER_PATHS = NO;
				CLANG_ANALYZER_NONNULL = YES;
				CLANG_ANALYZER_NUMBER_OBJECT_CONVERSION = YES_AGGRESSIVE;
				CLANG_CXX_LANGUAGE_STANDARD = "gnu++17";
				CLANG_CXX_LIBRARY = "libc++";
				CLANG_ENABLE_MODULES = YES;
				CLANG_ENABLE_OBJC_ARC = YES;
				CLANG_ENABLE_OBJC_WEAK = YES;
				CLANG_WARN_BLOCK_CAPTURE_AUTORELEASING = YES;
				CLANG_WARN_BOOL_CONVERSION = YES;
				CLANG_WARN_COMMA = YES;
				CLANG_WARN_CONSTANT_CONVERSION = YES;
				CLANG_WARN_DEPRECATED_OBJC_IMPLEMENTATIONS = YES;
				CLANG_WARN_DIRECT_OBJC_ISA_USAGE = YES_ERROR;
				CLANG_WARN_DOCUMENTATION_COMMENTS = YES;
				CLANG_WARN_EMPTY_BODY = YES;
				CLANG_WARN_ENUM_CONVERSION = YES;
				CLANG_WARN_INFINITE_RECURSION = YES;
				CLANG_WARN_INT_CONVERSION = YES;
				CLANG_WARN_NON_LITERAL_NULL_CONVERSION = YES;
				CLANG_WARN_OBJC_IMPLICIT_RETAIN_SELF = YES;
				CLANG_WARN_OBJC_LITERAL_CONVERSION = YES;
				CLANG_WARN_OBJC_ROOT_CLASS = YES_ERROR;
				CLANG_WARN_QUOTED_INCLUDE_IN_FRAMEWORK_HEADER = YES;
				CLANG_WARN_RANGE_LOOP_ANALYSIS = YES;
				CLANG_WARN_STRICT_PROTOTYPES = YES;
				CLANG_WARN_SUSPICIOUS_MOVE = YES;
				CLANG_WARN_UNGUARDED_AVAILABILITY = YES_AGGRESSIVE;
				CLANG_WARN_UNREACHABLE_CODE = YES;
				CLANG_WARN__DUPLICATE_METHOD_MATCH = YES;
				COPY_PHASE_STRIP = NO;
				DEBUG_INFORMATION_FORMAT = dwarf;
				ENABLE_STRICT_OBJC_MSGSEND = YES;
				ENABLE_TESTABILITY = YES;
				GCC_C_LANGUAGE_STANDARD = gnu11;
				GCC_DYNAMIC_NO_PIC = NO;
				GCC_NO_COMMON_BLOCKS = YES;
				GCC_OPTIMIZATION_LEVEL = 0;
				GCC_PREPROCESSOR_DEFINITIONS = (
					"DEBUG=1",
					"$(inherited)",
				);
				GCC_WARN_64_TO_32_BIT_CONVERSION = YES;
				GCC_WARN_ABOUT_RETURN_TYPE = YES_ERROR;
				GCC_WARN_UNDECLARED_SELECTOR = YES;
				GCC_WARN_UNINITIALIZED_AUTOS = YES_AGGRESSIVE;
				GCC_WARN_UNUSED_FUNCTION = YES;
				GCC_WARN_UNUSED_VARIABLE = YES;
				IPHONEOS_DEPLOYMENT_TARGET = 13.0;
				MTL_ENABLE_DEBUG_INFO = INCLUDE_SOURCE;
				MTL_FAST_MATH = YES;
				ONLY_ACTIVE_ARCH = YES;
				SDKROOT = iphoneos;
				SWIFT_ACTIVE_COMPILATION_CONDITIONS = DEBUG;
				SWIFT_OPTIMIZATION_LEVEL = "-Onone";
			};
			name = Debug;
		};
		C6150E4127CF8FB2002DCCC7 /* Release */ = {
			isa = XCBuildConfiguration;
			buildSettings = {
				ALWAYS_SEARCH_USER_PATHS = NO;
				CLANG_ANALYZER_NONNULL = YES;
				CLANG_ANALYZER_NUMBER_OBJECT_CONVERSION = YES_AGGRESSIVE;
				CLANG_CXX_LANGUAGE_STANDARD = "gnu++17";
				CLANG_CXX_LIBRARY = "libc++";
				CLANG_ENABLE_MODULES = YES;
				CLANG_ENABLE_OBJC_ARC = YES;
				CLANG_ENABLE_OBJC_WEAK = YES;
				CLANG_WARN_BLOCK_CAPTURE_AUTORELEASING = YES;
				CLANG_WARN_BOOL_CONVERSION = YES;
				CLANG_WARN_COMMA = YES;
				CLANG_WARN_CONSTANT_CONVERSION = YES;
				CLANG_WARN_DEPRECATED_OBJC_IMPLEMENTATIONS = YES;
				CLANG_WARN_DIRECT_OBJC_ISA_USAGE = YES_ERROR;
				CLANG_WARN_DOCUMENTATION_COMMENTS = YES;
				CLANG_WARN_EMPTY_BODY = YES;
				CLANG_WARN_ENUM_CONVERSION = YES;
				CLANG_WARN_INFINITE_RECURSION = YES;
				CLANG_WARN_INT_CONVERSION = YES;
				CLANG_WARN_NON_LITERAL_NULL_CONVERSION = YES;
				CLANG_WARN_OBJC_IMPLICIT_RETAIN_SELF = YES;
				CLANG_WARN_OBJC_LITERAL_CONVERSION = YES;
				CLANG_WARN_OBJC_ROOT_CLASS = YES_ERROR;
				CLANG_WARN_QUOTED_INCLUDE_IN_FRAMEWORK_HEADER = YES;
				CLANG_WARN_RANGE_LOOP_ANALYSIS = YES;
				CLANG_WARN_STRICT_PROTOTYPES = YES;
				CLANG_WARN_SUSPICIOUS_MOVE = YES;
				CLANG_WARN_UNGUARDED_AVAILABILITY = YES_AGGRESSIVE;
				CLANG_WARN_UNREACHABLE_CODE = YES;
				CLANG_WARN__DUPLICATE_METHOD_MATCH = YES;
				COPY_PHASE_STRIP = NO;
				DEBUG_INFORMATION_FORMAT = "dwarf-with-dsym";
				ENABLE_NS_ASSERTIONS = NO;
				ENABLE_STRICT_OBJC_MSGSEND = YES;
				GCC_C_LANGUAGE_STANDARD = gnu11;
				GCC_NO_COMMON_BLOCKS = YES;
				GCC_WARN_64_TO_32_BIT_CONVERSION = YES;
				GCC_WARN_ABOUT_RETURN_TYPE = YES_ERROR;
				GCC_WARN_UNDECLARED_SELECTOR = YES;
				GCC_WARN_UNINITIALIZED_AUTOS = YES_AGGRESSIVE;
				GCC_WARN_UNUSED_FUNCTION = YES;
				GCC_WARN_UNUSED_VARIABLE = YES;
				IPHONEOS_DEPLOYMENT_TARGET = 13.0;
				MTL_ENABLE_DEBUG_INFO = NO;
				MTL_FAST_MATH = YES;
				SDKROOT = iphoneos;
				SWIFT_COMPILATION_MODE = wholemodule;
				SWIFT_OPTIMIZATION_LEVEL = "-O";
				VALIDATE_PRODUCT = YES;
			};
			name = Release;
		};
		C6150E4327CF8FB2002DCCC7 /* Debug */ = {
			isa = XCBuildConfiguration;
			baseConfigurationReference = BE8FDE8E1F22BD20F2E877BA /* Pods-Tracker.debug.xcconfig */;
			buildSettings = {
				ASSETCATALOG_COMPILER_APPICON_NAME = AppIcon;
				ASSETCATALOG_COMPILER_GLOBAL_ACCENT_COLOR_NAME = AccentColor;
				CODE_SIGN_STYLE = Automatic;
				CURRENT_PROJECT_VERSION = 1;
				DEVELOPMENT_TEAM = Z3SPAA69G7;
				GENERATE_INFOPLIST_FILE = NO;
				INFOPLIST_FILE = "$(SRCROOT)/Tracker/Resources/Info.plist";
				INFOPLIST_KEY_UIApplicationSupportsIndirectInputEvents = YES;
				INFOPLIST_KEY_UILaunchStoryboardName = LaunchScreen;
				INFOPLIST_KEY_UIMainStoryboardFile = Main;
				INFOPLIST_KEY_UISupportedInterfaceOrientations_iPad = "UIInterfaceOrientationPortrait UIInterfaceOrientationPortraitUpsideDown UIInterfaceOrientationLandscapeLeft UIInterfaceOrientationLandscapeRight";
				INFOPLIST_KEY_UISupportedInterfaceOrientations_iPhone = "UIInterfaceOrientationPortrait UIInterfaceOrientationLandscapeLeft UIInterfaceOrientationLandscapeRight";
				IPHONEOS_DEPLOYMENT_TARGET = 13.0;
				LD_RUNPATH_SEARCH_PATHS = (
					"$(inherited)",
					"@executable_path/Frameworks",
				);
				MARKETING_VERSION = 1.0;
				PRODUCT_BUNDLE_IDENTIFIER = com.loay.Tracker;
				PRODUCT_NAME = "$(TARGET_NAME)";
				SWIFT_EMIT_LOC_STRINGS = YES;
				SWIFT_VERSION = 5.0;
				TARGETED_DEVICE_FAMILY = 1;
			};
			name = Debug;
		};
		C6150E4427CF8FB2002DCCC7 /* Release */ = {
			isa = XCBuildConfiguration;
			baseConfigurationReference = A142A6BC14E6CE173D7795BC /* Pods-Tracker.release.xcconfig */;
			buildSettings = {
				ASSETCATALOG_COMPILER_APPICON_NAME = AppIcon;
				ASSETCATALOG_COMPILER_GLOBAL_ACCENT_COLOR_NAME = AccentColor;
				CODE_SIGN_STYLE = Automatic;
				CURRENT_PROJECT_VERSION = 1;
				DEVELOPMENT_TEAM = Z3SPAA69G7;
				GENERATE_INFOPLIST_FILE = NO;
				INFOPLIST_FILE = "$(SRCROOT)/Tracker/Resources/Info.plist";
				INFOPLIST_KEY_UIApplicationSupportsIndirectInputEvents = YES;
				INFOPLIST_KEY_UILaunchStoryboardName = LaunchScreen;
				INFOPLIST_KEY_UIMainStoryboardFile = Main;
				INFOPLIST_KEY_UISupportedInterfaceOrientations_iPad = "UIInterfaceOrientationPortrait UIInterfaceOrientationPortraitUpsideDown UIInterfaceOrientationLandscapeLeft UIInterfaceOrientationLandscapeRight";
				INFOPLIST_KEY_UISupportedInterfaceOrientations_iPhone = "UIInterfaceOrientationPortrait UIInterfaceOrientationLandscapeLeft UIInterfaceOrientationLandscapeRight";
				IPHONEOS_DEPLOYMENT_TARGET = 13.0;
				LD_RUNPATH_SEARCH_PATHS = (
					"$(inherited)",
					"@executable_path/Frameworks",
				);
				MARKETING_VERSION = 1.0;
				PRODUCT_BUNDLE_IDENTIFIER = com.loay.Tracker;
				PRODUCT_NAME = "$(TARGET_NAME)";
				SWIFT_EMIT_LOC_STRINGS = YES;
				SWIFT_VERSION = 5.0;
				TARGETED_DEVICE_FAMILY = 1;
			};
			name = Release;
		};
/* End XCBuildConfiguration section */

/* Begin XCConfigurationList section */
		C6150E2927CF8FB0002DCCC7 /* Build configuration list for PBXProject "Tracker" */ = {
			isa = XCConfigurationList;
			buildConfigurations = (
				C6150E4027CF8FB2002DCCC7 /* Debug */,
				C6150E4127CF8FB2002DCCC7 /* Release */,
			);
			defaultConfigurationIsVisible = 0;
			defaultConfigurationName = Release;
		};
		C6150E4227CF8FB2002DCCC7 /* Build configuration list for PBXNativeTarget "Tracker" */ = {
			isa = XCConfigurationList;
			buildConfigurations = (
				C6150E4327CF8FB2002DCCC7 /* Debug */,
				C6150E4427CF8FB2002DCCC7 /* Release */,
			);
			defaultConfigurationIsVisible = 0;
			defaultConfigurationName = Release;
		};
/* End XCConfigurationList section */
	};
	rootObject = C6150E2627CF8FB0002DCCC7 /* Project object */;
}
